{
  "version": 4,
  "terraform_version": "0.12.24",
  "serial": 339,
  "lineage": "a5ae10f2-7ebf-8869-5a62-2e752d3b8ad9",
  "outputs": {},
  "resources": [
    {
      "module": "module.network.module.network_firewall",
      "mode": "data",
      "type": "google_compute_subnetwork",
      "name": "private_subnetwork",
      "provider": "provider.google",
      "instances": [
        {
          "schema_version": 0,
          "attributes": {
            "description": "",
            "gateway_address": "10.0.16.1",
            "id": "projects/unique-badge-276520/regions/us-west1/subnetworks/newdemovasten52-subnetwork-private",
            "ip_cidr_range": "10.0.16.0/20",
            "name": "newdemovasten52-subnetwork-private",
            "network": "https://www.googleapis.com/compute/v1/projects/unique-badge-276520/global/networks/newdemovasten52-network",
            "private_ip_google_access": true,
            "project": "unique-badge-276520",
            "region": "us-west1",
            "secondary_ip_range": [
              {
                "ip_cidr_range": "10.1.16.0/20",
                "range_name": "private-services"
              }
            ],
            "self_link": "https://www.googleapis.com/compute/v1/projects/unique-badge-276520/regions/us-west1/subnetworks/newdemovasten52-subnetwork-private"
          }
        }
      ]
    },
    {
      "module": "module.network.module.network_firewall",
      "mode": "data",
      "type": "google_compute_subnetwork",
      "name": "public_subnetwork",
      "provider": "provider.google",
      "instances": [
        {
          "schema_version": 0,
          "attributes": {
            "description": "",
            "gateway_address": "10.0.0.1",
            "id": "projects/unique-badge-276520/regions/us-west1/subnetworks/newdemovasten52-subnetwork-public",
            "ip_cidr_range": "10.0.0.0/20",
            "name": "newdemovasten52-subnetwork-public",
            "network": "https://www.googleapis.com/compute/v1/projects/unique-badge-276520/global/networks/newdemovasten52-network",
            "private_ip_google_access": true,
            "project": "unique-badge-276520",
            "region": "us-west1",
            "secondary_ip_range": [
              {
                "ip_cidr_range": "10.1.0.0/20",
                "range_name": "public-services"
              }
            ],
            "self_link": "https://www.googleapis.com/compute/v1/projects/unique-badge-276520/regions/us-west1/subnetworks/newdemovasten52-subnetwork-public"
          }
        }
      ]
    },
    {
      "module": "module.network.module.network_firewall",
      "mode": "managed",
      "type": "google_compute_firewall",
      "name": "private_allow_all_network_inbound",
      "provider": "provider.google",
      "instances": [
        {
          "schema_version": 1,
          "attributes": {
            "allow": [
              {
                "ports": [],
                "protocol": "all"
              }
            ],
            "creation_timestamp": "2020-05-09T15:35:58.951-07:00",
            "deny": [],
            "description": "",
            "destination_ranges": [],
            "direction": "INGRESS",
            "disabled": false,
            "enable_logging": false,
            "id": "projects/unique-badge-276520/global/firewalls/newdemovasten52-private-allow-ingress",
            "name": "newdemovasten52-private-allow-ingress",
            "network": "https://www.googleapis.com/compute/v1/projects/unique-badge-276520/global/networks/newdemovasten52-network",
            "priority": 1000,
            "project": "unique-badge-276520",
            "self_link": "https://www.googleapis.com/compute/v1/projects/unique-badge-276520/global/firewalls/newdemovasten52-private-allow-ingress",
            "source_ranges": [
              "10.0.0.0/20",
              "10.0.16.0/20",
              "10.1.0.0/20",
              "10.1.16.0/20"
            ],
            "source_service_accounts": null,
            "source_tags": null,
            "target_service_accounts": null,
            "target_tags": [
              "private"
            ],
            "timeouts": null
          },
          "private": "eyJlMmJmYjczMC1lY2FhLTExZTYtOGY4OC0zNDM2M2JjN2M0YzAiOnsiY3JlYXRlIjoyNDAwMDAwMDAwMDAsImRlbGV0ZSI6MjQwMDAwMDAwMDAwLCJ1cGRhdGUiOjI0MDAwMDAwMDAwMH0sInNjaGVtYV92ZXJzaW9uIjoiMSJ9",
          "dependencies": [
            "module.network.google_compute_network.vpc",
            "module.network.google_compute_subnetwork.vpc_subnetwork_private",
            "module.network.google_compute_subnetwork.vpc_subnetwork_public"
          ]
        }
      ]
    },
    {
      "module": "module.network.module.network_firewall",
      "mode": "managed",
      "type": "google_compute_firewall",
      "name": "private_allow_restricted_network_inbound",
      "provider": "provider.google",
      "instances": [
        {
          "schema_version": 1,
          "attributes": {
            "allow": [
              {
                "ports": [],
                "protocol": "all"
              }
            ],
            "creation_timestamp": "2020-05-09T15:35:22.463-07:00",
            "deny": [],
            "description": "",
            "destination_ranges": [],
            "direction": "INGRESS",
            "disabled": false,
            "enable_logging": false,
            "id": "projects/unique-badge-276520/global/firewalls/newdemovasten52-allow-restricted-inbound",
            "name": "newdemovasten52-allow-restricted-inbound",
            "network": "https://www.googleapis.com/compute/v1/projects/unique-badge-276520/global/networks/newdemovasten52-network",
            "priority": 1000,
            "project": "unique-badge-276520",
            "self_link": "https://www.googleapis.com/compute/v1/projects/unique-badge-276520/global/firewalls/newdemovasten52-allow-restricted-inbound",
            "source_ranges": [],
            "source_service_accounts": null,
            "source_tags": [
              "private",
              "private-persistence"
            ],
            "target_service_accounts": null,
            "target_tags": [
              "private-persistence"
            ],
            "timeouts": null
          },
          "private": "eyJlMmJmYjczMC1lY2FhLTExZTYtOGY4OC0zNDM2M2JjN2M0YzAiOnsiY3JlYXRlIjoyNDAwMDAwMDAwMDAsImRlbGV0ZSI6MjQwMDAwMDAwMDAwLCJ1cGRhdGUiOjI0MDAwMDAwMDAwMH0sInNjaGVtYV92ZXJzaW9uIjoiMSJ9",
          "dependencies": [
            "module.network.google_compute_network.vpc"
          ]
        }
      ]
    },
    {
      "module": "module.network.module.network_firewall",
      "mode": "managed",
      "type": "google_compute_firewall",
      "name": "public_allow_all_inbound",
      "provider": "provider.google",
      "instances": [
        {
          "schema_version": 1,
          "attributes": {
            "allow": [
              {
                "ports": [],
                "protocol": "all"
              }
            ],
            "creation_timestamp": "2020-05-09T15:35:22.462-07:00",
            "deny": [],
            "description": "",
            "destination_ranges": [],
            "direction": "INGRESS",
            "disabled": false,
            "enable_logging": false,
            "id": "projects/unique-badge-276520/global/firewalls/newdemovasten52-public-allow-ingress",
            "name": "newdemovasten52-public-allow-ingress",
            "network": "https://www.googleapis.com/compute/v1/projects/unique-badge-276520/global/networks/newdemovasten52-network",
            "priority": 1000,
            "project": "unique-badge-276520",
            "self_link": "https://www.googleapis.com/compute/v1/projects/unique-badge-276520/global/firewalls/newdemovasten52-public-allow-ingress",
            "source_ranges": [
              "0.0.0.0/0"
            ],
            "source_service_accounts": null,
            "source_tags": null,
            "target_service_accounts": null,
            "target_tags": [
              "public"
            ],
            "timeouts": null
          },
          "private": "eyJlMmJmYjczMC1lY2FhLTExZTYtOGY4OC0zNDM2M2JjN2M0YzAiOnsiY3JlYXRlIjoyNDAwMDAwMDAwMDAsImRlbGV0ZSI6MjQwMDAwMDAwMDAwLCJ1cGRhdGUiOjI0MDAwMDAwMDAwMH0sInNjaGVtYV92ZXJzaW9uIjoiMSJ9",
          "dependencies": [
            "module.network.google_compute_network.vpc"
          ]
        }
      ]
    },
    {
      "module": "module.network.module.network_firewall",
      "mode": "managed",
      "type": "google_compute_firewall",
      "name": "public_restricted_allow_inbound",
      "each": "list",
      "provider": "provider.google",
      "instances": [
        {
          "index_key": 0,
          "schema_version": 1,
          "attributes": {
            "allow": [
              {
                "ports": [],
                "protocol": "all"
              }
            ],
            "creation_timestamp": "2020-05-09T15:35:22.552-07:00",
            "deny": [],
            "description": "",
            "destination_ranges": [],
            "direction": "INGRESS",
            "disabled": false,
            "enable_logging": false,
            "id": "projects/unique-badge-276520/global/firewalls/newdemovasten52-public-restricted-allow-ingress",
            "name": "newdemovasten52-public-restricted-allow-ingress",
            "network": "https://www.googleapis.com/compute/v1/projects/unique-badge-276520/global/networks/newdemovasten52-network",
            "priority": 1000,
            "project": "unique-badge-276520",
            "self_link": "https://www.googleapis.com/compute/v1/projects/unique-badge-276520/global/firewalls/newdemovasten52-public-restricted-allow-ingress",
            "source_ranges": [
              "0.0.0.0/0"
            ],
            "source_service_accounts": null,
            "source_tags": null,
            "target_service_accounts": null,
            "target_tags": [
              "public-restricted"
            ],
            "timeouts": null
          },
          "private": "eyJlMmJmYjczMC1lY2FhLTExZTYtOGY4OC0zNDM2M2JjN2M0YzAiOnsiY3JlYXRlIjoyNDAwMDAwMDAwMDAsImRlbGV0ZSI6MjQwMDAwMDAwMDAwLCJ1cGRhdGUiOjI0MDAwMDAwMDAwMH0sInNjaGVtYV92ZXJzaW9uIjoiMSJ9",
          "dependencies": [
            "module.network.google_compute_network.vpc"
          ]
        }
      ]
    },
    {
      "module": "module.network",
      "mode": "managed",
      "type": "google_compute_network",
      "name": "vpc",
      "provider": "provider.google",
      "instances": [
        {
          "schema_version": 0,
          "attributes": {
            "auto_create_subnetworks": false,
            "delete_default_routes_on_create": false,
            "description": "",
            "gateway_ipv4": "",
            "id": "projects/unique-badge-276520/global/networks/newdemovasten52-network",
            "ipv4_range": null,
            "name": "newdemovasten52-network",
            "project": "unique-badge-276520",
            "routing_mode": "REGIONAL",
            "self_link": "https://www.googleapis.com/compute/v1/projects/unique-badge-276520/global/networks/newdemovasten52-network",
            "timeouts": null
          },
          "private": "eyJlMmJmYjczMC1lY2FhLTExZTYtOGY4OC0zNDM2M2JjN2M0YzAiOnsiY3JlYXRlIjoyNDAwMDAwMDAwMDAsImRlbGV0ZSI6MjQwMDAwMDAwMDAwLCJ1cGRhdGUiOjI0MDAwMDAwMDAwMH19"
        }
      ]
    },
    {
      "module": "module.network",
      "mode": "managed",
      "type": "google_compute_router",
      "name": "vpc_router",
      "provider": "provider.google",
      "instances": [
        {
          "schema_version": 0,
          "attributes": {
            "bgp": [],
            "creation_timestamp": "2020-05-09T15:35:22.452-07:00",
            "description": "",
            "id": "projects/unique-badge-276520/regions/us-west1/routers/newdemovasten52-router",
            "name": "newdemovasten52-router",
            "network": "https://www.googleapis.com/compute/v1/projects/unique-badge-276520/global/networks/newdemovasten52-network",
            "project": "unique-badge-276520",
            "region": "us-west1",
            "self_link": "https://www.googleapis.com/compute/v1/projects/unique-badge-276520/regions/us-west1/routers/newdemovasten52-router",
            "timeouts": null
          },
          "private": "eyJlMmJmYjczMC1lY2FhLTExZTYtOGY4OC0zNDM2M2JjN2M0YzAiOnsiY3JlYXRlIjoyNDAwMDAwMDAwMDAsImRlbGV0ZSI6MjQwMDAwMDAwMDAwLCJ1cGRhdGUiOjI0MDAwMDAwMDAwMH19",
          "dependencies": [
            "module.network.google_compute_network.vpc"
          ]
        }
      ]
    },
    {
      "module": "module.network",
      "mode": "managed",
      "type": "google_compute_router_nat",
      "name": "vpc_nat",
      "provider": "provider.google",
      "instances": [
        {
          "schema_version": 0,
          "attributes": {
            "icmp_idle_timeout_sec": 30,
            "id": "unique-badge-276520/us-west1/newdemovasten52-router/newdemovasten52-nat",
            "log_config": [],
            "min_ports_per_vm": 0,
            "name": "newdemovasten52-nat",
            "nat_ip_allocate_option": "AUTO_ONLY",
            "nat_ips": null,
            "project": "unique-badge-276520",
            "region": "us-west1",
            "router": "newdemovasten52-router",
            "source_subnetwork_ip_ranges_to_nat": "LIST_OF_SUBNETWORKS",
            "subnetwork": [
              {
                "name": "https://www.googleapis.com/compute/v1/projects/unique-badge-276520/regions/us-west1/subnetworks/newdemovasten52-subnetwork-public",
                "secondary_ip_range_names": [],
                "source_ip_ranges_to_nat": [
                  "ALL_IP_RANGES"
                ]
              }
            ],
            "tcp_established_idle_timeout_sec": 1200,
            "tcp_transitory_idle_timeout_sec": 30,
            "timeouts": null,
            "udp_idle_timeout_sec": 30
          },
          "private": "eyJlMmJmYjczMC1lY2FhLTExZTYtOGY4OC0zNDM2M2JjN2M0YzAiOnsiY3JlYXRlIjo2MDAwMDAwMDAwMDAsImRlbGV0ZSI6NjAwMDAwMDAwMDAwLCJ1cGRhdGUiOjYwMDAwMDAwMDAwMH19",
          "dependencies": [
            "module.network.google_compute_network.vpc",
            "module.network.google_compute_router.vpc_router",
            "module.network.google_compute_subnetwork.vpc_subnetwork_public"
          ]
        }
      ]
    },
    {
      "module": "module.network",
      "mode": "managed",
      "type": "google_compute_subnetwork",
      "name": "vpc_subnetwork_private",
      "provider": "provider.google",
      "instances": [
        {
          "schema_version": 0,
          "attributes": {
            "creation_timestamp": "2020-05-09T15:35:22.746-07:00",
            "description": "",
            "enable_flow_logs": null,
            "fingerprint": null,
            "gateway_address": "10.0.16.1",
            "id": "projects/unique-badge-276520/regions/us-west1/subnetworks/newdemovasten52-subnetwork-private",
            "ip_cidr_range": "10.0.16.0/20",
            "log_config": [],
            "name": "newdemovasten52-subnetwork-private",
            "network": "https://www.googleapis.com/compute/v1/projects/unique-badge-276520/global/networks/newdemovasten52-network",
            "private_ip_google_access": true,
            "project": "unique-badge-276520",
            "region": "us-west1",
            "secondary_ip_range": [
              {
                "ip_cidr_range": "10.1.16.0/20",
                "range_name": "private-services"
              }
            ],
            "self_link": "https://www.googleapis.com/compute/v1/projects/unique-badge-276520/regions/us-west1/subnetworks/newdemovasten52-subnetwork-private",
            "timeouts": null
          },
          "private": "eyJlMmJmYjczMC1lY2FhLTExZTYtOGY4OC0zNDM2M2JjN2M0YzAiOnsiY3JlYXRlIjozNjAwMDAwMDAwMDAsImRlbGV0ZSI6MzYwMDAwMDAwMDAwLCJ1cGRhdGUiOjM2MDAwMDAwMDAwMH19",
          "dependencies": [
            "module.network.google_compute_network.vpc"
          ]
        }
      ]
    },
    {
      "module": "module.network",
      "mode": "managed",
      "type": "google_compute_subnetwork",
      "name": "vpc_subnetwork_public",
      "provider": "provider.google",
      "instances": [
        {
          "schema_version": 0,
          "attributes": {
            "creation_timestamp": "2020-05-09T15:35:22.719-07:00",
            "description": "",
            "enable_flow_logs": null,
            "fingerprint": null,
            "gateway_address": "10.0.0.1",
            "id": "projects/unique-badge-276520/regions/us-west1/subnetworks/newdemovasten52-subnetwork-public",
            "ip_cidr_range": "10.0.0.0/20",
            "log_config": [],
            "name": "newdemovasten52-subnetwork-public",
            "network": "https://www.googleapis.com/compute/v1/projects/unique-badge-276520/global/networks/newdemovasten52-network",
            "private_ip_google_access": true,
            "project": "unique-badge-276520",
            "region": "us-west1",
            "secondary_ip_range": [
              {
                "ip_cidr_range": "10.1.0.0/20",
                "range_name": "public-services"
              }
            ],
            "self_link": "https://www.googleapis.com/compute/v1/projects/unique-badge-276520/regions/us-west1/subnetworks/newdemovasten52-subnetwork-public",
            "timeouts": null
          },
          "private": "eyJlMmJmYjczMC1lY2FhLTExZTYtOGY4OC0zNDM2M2JjN2M0YzAiOnsiY3JlYXRlIjozNjAwMDAwMDAwMDAsImRlbGV0ZSI6MzYwMDAwMDAwMDAwLCJ1cGRhdGUiOjM2MDAwMDAwMDAwMH19",
          "dependencies": [
            "module.network.google_compute_network.vpc"
          ]
        }
      ]
    },
    {
      "module": "module.gke_cluster",
      "mode": "managed",
      "type": "google_container_cluster",
      "name": "cluster",
      "provider": "provider.google",
      "instances": [
        {
          "schema_version": 1,
          "attributes": {
            "additional_zones": [],
            "addons_config": [
              {
                "horizontal_pod_autoscaling": [
                  {
                    "disabled": false
                  }
                ],
                "http_load_balancing": [
                  {
                    "disabled": false
                  }
                ],
                "kubernetes_dashboard": [],
                "network_policy_config": [
                  {
                    "disabled": false
                  }
                ]
              }
            ],
            "authenticator_groups_config": [],
            "cluster_autoscaling": [
              {
                "auto_provisioning_defaults": [],
                "enabled": false,
                "resource_limits": []
              }
            ],
            "cluster_ipv4_cidr": "10.1.0.0/20",
            "default_max_pods_per_node": 110,
            "description": "",
            "enable_binary_authorization": false,
            "enable_intranode_visibility": null,
            "enable_kubernetes_alpha": false,
            "enable_legacy_abac": false,
            "enable_tpu": null,
            "endpoint": "35.203.183.12",
            "id": "projects/unique-badge-276520/locations/us-west1-a/clusters/newdemovasten52-cluster",
            "initial_node_count": 2,
            "instance_group_urls": [
              "https://www.googleapis.com/compute/v1/projects/unique-badge-276520/zones/us-west1-a/instanceGroups/gke-newdemovasten52-clus-default-pool-536a34eb-grp"
            ],
            "ip_allocation_policy": [
              {
                "cluster_ipv4_cidr_block": "10.1.0.0/20",
                "cluster_secondary_range_name": "public-services",
                "node_ipv4_cidr_block": "",
                "services_ipv4_cidr_block": "10.1.0.0/20",
                "services_secondary_range_name": "public-services",
                "subnetwork_name": ""
              }
            ],
            "label_fingerprint": "a9dc16a7",
            "location": "us-west1-a",
            "logging_service": "logging.googleapis.com/kubernetes",
            "maintenance_policy": [
              {
                "daily_maintenance_window": [
                  {
                    "duration": "PT4H0M0S",
                    "start_time": "05:00"
                  }
                ]
              }
            ],
            "master_auth": [
              {
                "client_certificate": "",
                "client_certificate_config": [
                  {
                    "issue_client_certificate": false
                  }
                ],
                "client_key": "",
                "cluster_ca_certificate": "LS0tLS1CRUdJTiBDRVJUSUZJQ0FURS0tLS0tCk1JSURERENDQWZTZ0F3SUJBZ0lSQVBvdEZ6MDdWbUlsN0VqanJyRk5uaEF3RFFZSktvWklodmNOQVFFTEJRQXcKTHpFdE1Dc0dBMVVFQXhNa1pETmxZVE0wWldJdFpESmhNeTAwWkdGakxXSmhZakl0WXpJeU56bGhPVFV4WVRReApNQjRYRFRJd01EVXdPVEl4TXpVMU9Gb1hEVEkxTURVd09ESXlNelUxT0Zvd0x6RXRNQ3NHQTFVRUF4TWtaRE5sCllUTTBaV0l0WkRKaE15MDBaR0ZqTFdKaFlqSXRZekl5TnpsaE9UVXhZVFF4TUlJQklqQU5CZ2txaGtpRzl3MEIKQVFFRkFBT0NBUThBTUlJQkNnS0NBUUVBek4yM2VzVmFGaVVlTGdUNkVtbU94cGpWNE40WGZJMHVTYVdiQVFWawpubzkvbGtzakwwbTRPOGxCY1VQeDkwSFNTYnhhQ1duTWhTSnQrV3JWSWhkRjFJT3Z0MTBET1p1bHp1a0F5cXYyCm0weGlYUWtXaWMrYldKaklLRzRTREV5RWRlRXU3VklaajV2akQwYkNNRE9Rcno4YWZFNzNzRUdmUnhmVEFOaTMKcWFvQ2NUTkR1SXBBV3YzR2N1c0lTWWlBQVpsWVVGWVVpSXVTaXhheUFoM0M0MW1kbndWdm5WVEtQaXdUQ1dURApRdnFOTkpPNWl0M3o5L0ZEdklpTDM4TWludFR0T2V4Mit6dFJIOWllY0pTVkdlc1hQS2xIbzhma1IxeXJoTWU1ClN6WHZLU2NYVmQwZWlVZzlPRklzdUVPTExRTUZHclFPUlFFb0RKNkYrZHkvMlFJREFRQUJveU13SVRBT0JnTlYKSFE4QkFmOEVCQU1DQWdRd0R3WURWUjBUQVFIL0JBVXdBd0VCL3pBTkJna3Foa2lHOXcwQkFRc0ZBQU9DQVFFQQpxL2hIL0V3SXdxU0JkL0MyWTBYSW02bW9DSWZQOWEvYUNCRS9vWUs3Q3UyK05YKzRxQVBibkQyZnQyS29lbG5NCkl0NHNUVDRSTjVKWEUzM3htZU9WSXU0MW5FUVNvZWNMMFFLVVdrUkc3eCtxaFhNaGVuSDdDYll5V1g2WVZvUXQKMytJeXVIVWR2eWdGbXlBaTgxT3FWVDFRUVBiSW9GWHZ1QzhuMk8zTS84RTV0bWZISWhNbHVpVkVtYk5uY3pGUwo4a2NVMWpobzVuU2w1Uk1pN3JIUHB1NXpwWFB6MFlGbjhzczJOOTkwNmdJWmFwbitJcG1OdkhKbFVtU2tzNEV6CmNlRnJrQkIxY1VjY2tzN3JKLzU1azBYOFFmcndjbS9Fem1yeWR5MHo0ZW5la1lqb2RYV1V4alBCMWZuaUlvaHcKOHNBVEY4VEVhazRzVml0UEtmNnErZz09Ci0tLS0tRU5EIENFUlRJRklDQVRFLS0tLS0K",
                "password": "",
                "username": ""
              }
            ],
            "master_authorized_networks_config": [
              {
                "cidr_blocks": [
                  {
                    "cidr_block": "0.0.0.0/0",
                    "display_name": "all-for-testing"
                  }
                ]
              }
            ],
            "master_version": "1.14.10-gke.27",
            "min_master_version": null,
            "monitoring_service": "monitoring.googleapis.com/kubernetes",
            "name": "newdemovasten52-cluster",
            "network": "projects/unique-badge-276520/global/networks/newdemovasten52-network",
            "network_policy": [
              {
                "enabled": true,
                "provider": "CALICO"
              }
            ],
            "node_config": [
              {
                "disk_size_gb": 30,
                "disk_type": "pd-standard",
                "guest_accelerator": [],
                "image_type": "COS",
                "labels": {
                  "private-pools-example": "true"
                },
                "local_ssd_count": 0,
                "machine_type": "n1-standard-2",
                "metadata": {
                  "disable-legacy-endpoints": "true"
                },
                "min_cpu_platform": "",
                "oauth_scopes": [
                  "https://www.googleapis.com/auth/cloud-platform"
                ],
                "preemptible": false,
                "sandbox_config": [],
                "service_account": "default",
                "shielded_instance_config": [
                  {
                    "enable_integrity_monitoring": true,
                    "enable_secure_boot": false
                  }
                ],
                "tags": [
                  "private",
                  "private-pool-example"
                ],
                "taint": [],
                "workload_metadata_config": []
              }
            ],
            "node_locations": [],
            "node_pool": [
              {
                "autoscaling": [],
                "initial_node_count": 2,
                "instance_group_urls": [
                  "https://www.googleapis.com/compute/v1/projects/unique-badge-276520/zones/us-west1-a/instanceGroupManagers/gke-newdemovasten52-clus-default-pool-536a34eb-grp"
                ],
                "management": [
                  {
                    "auto_repair": false,
                    "auto_upgrade": true
                  }
                ],
                "max_pods_per_node": 110,
                "name": "default-pool",
                "name_prefix": "",
                "node_config": [
                  {
                    "disk_size_gb": 30,
                    "disk_type": "pd-standard",
                    "guest_accelerator": [],
                    "image_type": "COS",
                    "labels": {
                      "private-pools-example": "true"
                    },
                    "local_ssd_count": 0,
                    "machine_type": "n1-standard-2",
                    "metadata": {
                      "disable-legacy-endpoints": "true"
                    },
                    "min_cpu_platform": "",
                    "oauth_scopes": [
                      "https://www.googleapis.com/auth/cloud-platform"
                    ],
                    "preemptible": false,
                    "sandbox_config": [],
                    "service_account": "default",
                    "shielded_instance_config": [
                      {
                        "enable_integrity_monitoring": true,
                        "enable_secure_boot": false
                      }
                    ],
                    "tags": [
                      "private",
                      "private-pool-example"
                    ],
                    "taint": [],
                    "workload_metadata_config": []
                  }
                ],
                "node_count": 2,
                "version": "1.14.10-gke.27"
              }
            ],
            "node_version": "1.14.10-gke.27",
            "operation": null,
            "pod_security_policy_config": null,
            "private_cluster_config": [],
            "project": "unique-badge-276520",
            "region": null,
            "remove_default_node_pool": null,
            "resource_labels": null,
            "services_ipv4_cidr": "10.1.0.0/20",
            "subnetwork": "projects/unique-badge-276520/regions/us-west1/subnetworks/newdemovasten52-subnetwork-public",
            "timeouts": {
              "create": "30m",
              "delete": "30m",
              "update": "30m"
            },
            "vertical_pod_autoscaling": [],
            "zone": null
          },
          "private": "eyJlMmJmYjczMC1lY2FhLTExZTYtOGY4OC0zNDM2M2JjN2M0YzAiOnsiY3JlYXRlIjoxODAwMDAwMDAwMDAwLCJkZWxldGUiOjE4MDAwMDAwMDAwMDAsInVwZGF0ZSI6MTgwMDAwMDAwMDAwMH0sInNjaGVtYV92ZXJzaW9uIjoiMSJ9",
          "dependencies": [
            "module.network.google_compute_network.vpc",
            "module.network.google_compute_subnetwork.vpc_subnetwork_public"
          ]
        }
      ]
    },
    {
      "module": "module.storage",
      "mode": "managed",
      "type": "google_filestore_instance",
      "name": "instance",
      "provider": "provider.google",
      "instances": [
        {
          "schema_version": 0,
          "attributes": {
            "create_time": "2020-05-09T22:39:26.285799889Z",
            "description": "",
            "etag": "",
            "file_shares": [
              {
                "capacity_gb": 1024,
                "name": "newdemovasten52"
              }
            ],
            "id": "projects/unique-badge-276520/locations/us-west1-a/instances/newdemovasten52",
            "labels": null,
            "name": "newdemovasten52",
            "networks": [
              {
                "ip_addresses": [
                  "10.229.169.34"
                ],
                "modes": [
                  "MODE_IPV4"
                ],
                "network": "newdemovasten52-network",
                "reserved_ip_range": "10.229.169.32/29"
              }
            ],
            "project": "unique-badge-276520",
            "tier": "STANDARD",
            "timeouts": null,
            "zone": "us-west1-a"
          },
          "private": "eyJlMmJmYjczMC1lY2FhLTExZTYtOGY4OC0zNDM2M2JjN2M0YzAiOnsiY3JlYXRlIjozNjAwMDAwMDAwMDAsImRlbGV0ZSI6MzYwMDAwMDAwMDAwLCJ1cGRhdGUiOjM2MDAwMDAwMDAwMH19",
          "dependencies": [
            "module.gke_cluster.google_container_cluster.cluster",
            "module.network.google_compute_network.vpc",
            "module.network.google_compute_subnetwork.vpc_subnetwork_public",
            "module.storage.null_resource.module_depends_on"
          ]
        }
      ]
    },
    {
      "module": "module.storage",
      "mode": "managed",
      "type": "null_resource",
      "name": "after",
      "provider": "provider.null",
      "instances": [
        {
          "schema_version": 0,
          "attributes": {
            "id": "2866421240376836249",
            "triggers": null
          },
          "private": "bnVsbA==",
          "dependencies": [
            "module.gke_cluster.google_container_cluster.cluster",
            "module.network.google_compute_network.vpc",
            "module.network.google_compute_subnetwork.vpc_subnetwork_public",
            "module.storage.google_filestore_instance.instance",
            "module.storage.null_resource.delay",
            "module.storage.null_resource.module_depends_on",
            "module.storage.null_resource.persistent_vol",
            "module.storage.null_resource.persistent_vol_setup"
          ]
        }
      ]
    },
    {
      "module": "module.gke_cluster",
      "mode": "managed",
      "type": "null_resource",
      "name": "build_image",
      "provider": "provider.null",
      "instances": [
        {
          "schema_version": 0,
          "attributes": {
            "id": "6162884640875399200",
            "triggers": null
          },
          "private": "bnVsbA==",
          "dependencies": [
            "module.gke_cluster.google_container_cluster.cluster",
            "module.gke_cluster.null_resource.get_creds",
            "module.gke_cluster.null_resource.get_hostnames",
            "module.gke_cluster.null_resource.update_hostnames",
            "module.gke_cluster.null_resource.update_hostnames_list",
            "module.network.google_compute_network.vpc",
            "module.network.google_compute_subnetwork.vpc_subnetwork_public"
          ]
        }
      ]
    },
    {
      "module": "module.storage",
      "mode": "managed",
      "type": "null_resource",
      "name": "daemon_set_with_mnt",
      "provider": "provider.null",
      "instances": [
        {
          "schema_version": 0,
          "attributes": {
            "id": "2751176157582677222",
            "triggers": null
          },
          "private": "bnVsbA==",
          "dependencies": [
            "module.gke_cluster.google_container_cluster.cluster",
            "module.network.google_compute_network.vpc",
            "module.network.google_compute_subnetwork.vpc_subnetwork_public",
            "module.storage.google_filestore_instance.instance",
            "module.storage.null_resource.after",
            "module.storage.null_resource.daemon_template",
            "module.storage.null_resource.delay",
            "module.storage.null_resource.module_depends_on",
            "module.storage.null_resource.persistent_vol",
            "module.storage.null_resource.persistent_vol_claim",
            "module.storage.null_resource.persistent_vol_setup",
            "module.storage.null_resource.pvc_after"
          ]
        }
      ]
    },
    {
      "module": "module.storage",
      "mode": "managed",
      "type": "null_resource",
      "name": "daemon_template",
      "provider": "provider.null",
      "instances": [
        {
          "schema_version": 0,
          "attributes": {
            "id": "4530236538352961273",
            "triggers": null
          },
          "private": "bnVsbA==",
          "dependencies": [
            "module.gke_cluster.google_container_cluster.cluster",
            "module.network.google_compute_network.vpc",
            "module.network.google_compute_subnetwork.vpc_subnetwork_public",
            "module.storage.google_filestore_instance.instance",
            "module.storage.null_resource.after",
            "module.storage.null_resource.delay",
            "module.storage.null_resource.module_depends_on",
            "module.storage.null_resource.persistent_vol",
            "module.storage.null_resource.persistent_vol_claim",
            "module.storage.null_resource.persistent_vol_setup",
            "module.storage.null_resource.pvc_after"
          ]
        }
      ]
    },
    {
      "module": "module.storage",
      "mode": "managed",
      "type": "null_resource",
      "name": "delay",
      "provider": "provider.null",
      "instances": [
        {
          "schema_version": 0,
          "attributes": {
            "id": "2792344028399496326",
            "triggers": null
          },
          "private": "bnVsbA==",
          "dependencies": [
            "module.gke_cluster.google_container_cluster.cluster",
            "module.network.google_compute_network.vpc",
            "module.network.google_compute_subnetwork.vpc_subnetwork_public",
            "module.storage.google_filestore_instance.instance",
            "module.storage.null_resource.module_depends_on",
            "module.storage.null_resource.persistent_vol_setup"
          ]
        }
      ]
    },
    {
      "module": "module.gke_cluster",
      "mode": "managed",
      "type": "null_resource",
      "name": "get_creds",
      "provider": "provider.null",
      "instances": [
        {
          "schema_version": 0,
          "attributes": {
            "id": "2506684747334874144",
            "triggers": null
          },
          "private": "bnVsbA==",
          "dependencies": [
            "module.gke_cluster.google_container_cluster.cluster",
            "module.network.google_compute_network.vpc",
            "module.network.google_compute_subnetwork.vpc_subnetwork_public"
          ]
        }
      ]
    },
    {
      "module": "module.gke_cluster",
      "mode": "managed",
      "type": "null_resource",
      "name": "get_hostnames",
      "provider": "provider.null",
      "instances": [
        {
          "schema_version": 0,
          "attributes": {
            "id": "4546354278160273870",
            "triggers": null
          },
          "private": "bnVsbA==",
          "dependencies": [
            "module.gke_cluster.google_container_cluster.cluster",
            "module.gke_cluster.null_resource.get_creds",
            "module.network.google_compute_network.vpc",
            "module.network.google_compute_subnetwork.vpc_subnetwork_public"
          ]
        }
      ]
    },
    {
      "module": "module.storage",
      "mode": "managed",
      "type": "null_resource",
      "name": "module_depends_on",
      "provider": "provider.null",
      "instances": [
        {
          "schema_version": 0,
          "attributes": {
            "id": "1159611900495204135",
            "triggers": {
              "value": "1"
            }
          },
          "private": "bnVsbA==",
          "dependencies": [
            "module.gke_cluster.google_container_cluster.cluster",
            "module.network.google_compute_network.vpc",
            "module.network.google_compute_subnetwork.vpc_subnetwork_public"
          ]
        }
      ]
    },
    {
      "module": "module.storage",
      "mode": "managed",
      "type": "null_resource",
      "name": "persistent_vol",
      "provider": "provider.null",
      "instances": [
        {
          "schema_version": 0,
          "attributes": {
            "id": "7373091465989861254",
            "triggers": null
          },
          "private": "bnVsbA==",
          "dependencies": [
            "module.gke_cluster.google_container_cluster.cluster",
            "module.network.google_compute_network.vpc",
            "module.network.google_compute_subnetwork.vpc_subnetwork_public",
            "module.storage.google_filestore_instance.instance",
            "module.storage.null_resource.delay",
            "module.storage.null_resource.module_depends_on",
            "module.storage.null_resource.persistent_vol_setup"
          ]
        }
      ]
    },
    {
      "module": "module.storage",
      "mode": "managed",
      "type": "null_resource",
      "name": "persistent_vol_claim",
      "provider": "provider.null",
      "instances": [
        {
          "schema_version": 0,
          "attributes": {
            "id": "6803710200457089428",
            "triggers": null
          },
          "private": "bnVsbA==",
          "dependencies": [
            "module.gke_cluster.google_container_cluster.cluster",
            "module.network.google_compute_network.vpc",
            "module.network.google_compute_subnetwork.vpc_subnetwork_public",
            "module.storage.google_filestore_instance.instance",
            "module.storage.null_resource.after",
            "module.storage.null_resource.delay",
            "module.storage.null_resource.module_depends_on",
            "module.storage.null_resource.persistent_vol",
            "module.storage.null_resource.persistent_vol_setup"
          ]
        }
      ]
    },
    {
      "module": "module.storage",
      "mode": "managed",
      "type": "null_resource",
      "name": "persistent_vol_setup",
      "provider": "provider.null",
      "instances": [
        {
          "schema_version": 0,
          "attributes": {
            "id": "9223329619637178642",
            "triggers": null
          },
          "private": "bnVsbA==",
          "dependencies": [
            "module.gke_cluster.google_container_cluster.cluster",
            "module.network.google_compute_network.vpc",
            "module.network.google_compute_subnetwork.vpc_subnetwork_public",
            "module.storage.google_filestore_instance.instance",
            "module.storage.null_resource.module_depends_on"
          ]
        }
      ]
    },
    {
      "module": "module.gke_cluster",
      "mode": "managed",
      "type": "null_resource",
      "name": "push_image",
      "provider": "provider.null",
      "instances": [
        {
          "schema_version": 0,
          "attributes": {
            "id": "758066470173036337",
            "triggers": null
          },
          "private": "bnVsbA==",
          "dependencies": [
            "module.gke_cluster.google_container_cluster.cluster",
            "module.gke_cluster.null_resource.build_image",
            "module.gke_cluster.null_resource.get_creds",
            "module.gke_cluster.null_resource.get_hostnames",
            "module.gke_cluster.null_resource.update_hostnames",
            "module.gke_cluster.null_resource.update_hostnames_list",
            "module.network.google_compute_network.vpc",
            "module.network.google_compute_subnetwork.vpc_subnetwork_public"
          ]
        }
      ]
    },
    {
      "module": "module.storage",
      "mode": "managed",
      "type": "null_resource",
      "name": "pvc_after",
      "provider": "provider.null",
      "instances": [
        {
          "schema_version": 0,
          "attributes": {
            "id": "8373639224486943529",
            "triggers": null
          },
          "private": "bnVsbA==",
          "dependencies": [
            "module.gke_cluster.google_container_cluster.cluster",
            "module.network.google_compute_network.vpc",
            "module.network.google_compute_subnetwork.vpc_subnetwork_public",
            "module.storage.google_filestore_instance.instance",
            "module.storage.null_resource.after",
            "module.storage.null_resource.delay",
            "module.storage.null_resource.module_depends_on",
            "module.storage.null_resource.persistent_vol",
            "module.storage.null_resource.persistent_vol_claim",
            "module.storage.null_resource.persistent_vol_setup"
          ]
        }
      ]
    },
    {
      "module": "module.gke_cluster",
      "mode": "managed",
      "type": "null_resource",
      "name": "update_final_hostnames",
      "provider": "provider.null",
      "instances": [
        {
          "schema_version": 0,
          "attributes": {
            "id": "7839203905927882199",
            "triggers": null
          },
          "private": "bnVsbA==",
          "dependencies": [
            "module.gke_cluster.google_container_cluster.cluster",
            "module.gke_cluster.null_resource.get_creds",
            "module.gke_cluster.null_resource.get_hostnames",
            "module.gke_cluster.null_resource.update_hostnames",
            "module.gke_cluster.null_resource.update_hostnames_list",
            "module.network.google_compute_network.vpc",
            "module.network.google_compute_subnetwork.vpc_subnetwork_public"
          ]
        }
      ]
    },
    {
      "module": "module.gke_cluster",
      "mode": "managed",
      "type": "null_resource",
      "name": "update_hostnames",
      "provider": "provider.null",
      "instances": [
        {
          "schema_version": 0,
          "attributes": {
            "id": "1059151829229820549",
            "triggers": null
          },
          "private": "bnVsbA==",
          "dependencies": [
            "module.gke_cluster.google_container_cluster.cluster",
            "module.gke_cluster.null_resource.get_creds",
            "module.gke_cluster.null_resource.get_hostnames",
            "module.gke_cluster.null_resource.update_hostnames_list",
            "module.network.google_compute_network.vpc",
            "module.network.google_compute_subnetwork.vpc_subnetwork_public"
          ]
        }
      ]
    },
    {
      "module": "module.gke_cluster",
      "mode": "managed",
      "type": "null_resource",
      "name": "update_hostnames_list",
      "provider": "provider.null",
      "instances": [
        {
          "schema_version": 0,
          "attributes": {
            "id": "1669222351256498763",
            "triggers": null
          },
          "private": "bnVsbA==",
          "dependencies": [
            "module.gke_cluster.google_container_cluster.cluster",
            "module.gke_cluster.null_resource.get_creds",
            "module.gke_cluster.null_resource.get_hostnames",
            "module.network.google_compute_network.vpc",
            "module.network.google_compute_subnetwork.vpc_subnetwork_public"
          ]
        }
      ]
    }
  ]
}
