{
  "version": 4,
  "terraform_version": "0.12.18",
  "serial": 1894,
  "lineage": "172b9702-312b-eb6e-1936-65de43fcb0ce",
  "outputs": {},
  "resources": [
    {
      "module": "module.network.module.network_firewall",
      "mode": "data",
      "type": "google_compute_subnetwork",
      "name": "private_subnetwork",
      "provider": "provider.google",
      "instances": [
        {
          "schema_version": 0,
          "attributes": {
            "description": "",
            "gateway_address": "10.0.16.1",
            "id": "projects/gold-braid-268003/regions/us-west1/subnetworks/vasten-subnetwork-private",
            "ip_cidr_range": "10.0.16.0/20",
            "name": "vasten-subnetwork-private",
            "network": "https://www.googleapis.com/compute/v1/projects/gold-braid-268003/global/networks/vasten-network",
            "private_ip_google_access": true,
            "project": "gold-braid-268003",
            "region": "us-west1",
            "secondary_ip_range": [
              {
                "ip_cidr_range": "10.1.16.0/20",
                "range_name": "private-services"
              }
            ],
            "self_link": "https://www.googleapis.com/compute/v1/projects/gold-braid-268003/regions/us-west1/subnetworks/vasten-subnetwork-private"
          }
        }
      ]
    },
    {
      "module": "module.network.module.network_firewall",
      "mode": "data",
      "type": "google_compute_subnetwork",
      "name": "public_subnetwork",
      "provider": "provider.google",
      "instances": [
        {
          "schema_version": 0,
          "attributes": {
            "description": "",
            "gateway_address": "10.0.0.1",
            "id": "projects/gold-braid-268003/regions/us-west1/subnetworks/vasten-subnetwork-public",
            "ip_cidr_range": "10.0.0.0/20",
            "name": "vasten-subnetwork-public",
            "network": "https://www.googleapis.com/compute/v1/projects/gold-braid-268003/global/networks/vasten-network",
            "private_ip_google_access": true,
            "project": "gold-braid-268003",
            "region": "us-west1",
            "secondary_ip_range": [
              {
                "ip_cidr_range": "10.1.0.0/20",
                "range_name": "public-services"
              }
            ],
            "self_link": "https://www.googleapis.com/compute/v1/projects/gold-braid-268003/regions/us-west1/subnetworks/vasten-subnetwork-public"
          }
        }
      ]
    },
    {
      "module": "module.network.module.network_firewall",
      "mode": "managed",
      "type": "google_compute_firewall",
      "name": "private_allow_all_network_inbound",
      "provider": "provider.google",
      "instances": [
        {
          "schema_version": 1,
          "attributes": {
            "allow": [
              {
                "ports": [],
                "protocol": "all"
              }
            ],
            "creation_timestamp": "2020-03-24T09:44:43.987-07:00",
            "deny": [],
            "description": "",
            "destination_ranges": [],
            "direction": "INGRESS",
            "disabled": false,
            "enable_logging": false,
            "id": "projects/gold-braid-268003/global/firewalls/vasten-private-allow-ingress",
            "name": "vasten-private-allow-ingress",
            "network": "https://www.googleapis.com/compute/v1/projects/gold-braid-268003/global/networks/vasten-network",
            "priority": 1000,
            "project": "gold-braid-268003",
            "self_link": "https://www.googleapis.com/compute/v1/projects/gold-braid-268003/global/firewalls/vasten-private-allow-ingress",
            "source_ranges": [
              "10.0.0.0/20",
              "10.0.16.0/20",
              "10.1.0.0/20",
              "10.1.16.0/20"
            ],
            "source_service_accounts": null,
            "source_tags": null,
            "target_service_accounts": null,
            "target_tags": [
              "private"
            ],
            "timeouts": null
          },
          "private": "eyJlMmJmYjczMC1lY2FhLTExZTYtOGY4OC0zNDM2M2JjN2M0YzAiOnsiY3JlYXRlIjoyNDAwMDAwMDAwMDAsImRlbGV0ZSI6MjQwMDAwMDAwMDAwLCJ1cGRhdGUiOjI0MDAwMDAwMDAwMH0sInNjaGVtYV92ZXJzaW9uIjoiMSJ9",
          "dependencies": [
            "module.network.google_compute_network.vpc",
            "module.network.google_compute_subnetwork.vpc_subnetwork_private",
            "module.network.google_compute_subnetwork.vpc_subnetwork_public"
          ]
        }
      ]
    },
    {
      "module": "module.network.module.network_firewall",
      "mode": "managed",
      "type": "google_compute_firewall",
      "name": "private_allow_restricted_network_inbound",
      "provider": "provider.google",
      "instances": [
        {
          "schema_version": 1,
          "attributes": {
            "allow": [
              {
                "ports": [],
                "protocol": "all"
              }
            ],
            "creation_timestamp": "2020-03-24T09:43:42.263-07:00",
            "deny": [],
            "description": "",
            "destination_ranges": [],
            "direction": "INGRESS",
            "disabled": false,
            "enable_logging": false,
            "id": "projects/gold-braid-268003/global/firewalls/vasten-allow-restricted-inbound",
            "name": "vasten-allow-restricted-inbound",
            "network": "https://www.googleapis.com/compute/v1/projects/gold-braid-268003/global/networks/vasten-network",
            "priority": 1000,
            "project": "gold-braid-268003",
            "self_link": "https://www.googleapis.com/compute/v1/projects/gold-braid-268003/global/firewalls/vasten-allow-restricted-inbound",
            "source_ranges": [],
            "source_service_accounts": null,
            "source_tags": [
              "private",
              "private-persistence"
            ],
            "target_service_accounts": null,
            "target_tags": [
              "private-persistence"
            ],
            "timeouts": null
          },
          "private": "eyJlMmJmYjczMC1lY2FhLTExZTYtOGY4OC0zNDM2M2JjN2M0YzAiOnsiY3JlYXRlIjoyNDAwMDAwMDAwMDAsImRlbGV0ZSI6MjQwMDAwMDAwMDAwLCJ1cGRhdGUiOjI0MDAwMDAwMDAwMH0sInNjaGVtYV92ZXJzaW9uIjoiMSJ9",
          "dependencies": [
            "module.network.google_compute_network.vpc"
          ]
        }
      ]
    },
    {
      "module": "module.network.module.network_firewall",
      "mode": "managed",
      "type": "google_compute_firewall",
      "name": "public_allow_all_inbound",
      "provider": "provider.google",
      "instances": [
        {
          "schema_version": 1,
          "attributes": {
            "allow": [
              {
                "ports": [],
                "protocol": "all"
              }
            ],
            "creation_timestamp": "2020-03-24T09:43:42.342-07:00",
            "deny": [],
            "description": "",
            "destination_ranges": [],
            "direction": "INGRESS",
            "disabled": false,
            "enable_logging": false,
            "id": "projects/gold-braid-268003/global/firewalls/vasten-public-allow-ingress",
            "name": "vasten-public-allow-ingress",
            "network": "https://www.googleapis.com/compute/v1/projects/gold-braid-268003/global/networks/vasten-network",
            "priority": 1000,
            "project": "gold-braid-268003",
            "self_link": "https://www.googleapis.com/compute/v1/projects/gold-braid-268003/global/firewalls/vasten-public-allow-ingress",
            "source_ranges": [
              "0.0.0.0/0"
            ],
            "source_service_accounts": null,
            "source_tags": null,
            "target_service_accounts": null,
            "target_tags": [
              "public"
            ],
            "timeouts": null
          },
          "private": "eyJlMmJmYjczMC1lY2FhLTExZTYtOGY4OC0zNDM2M2JjN2M0YzAiOnsiY3JlYXRlIjoyNDAwMDAwMDAwMDAsImRlbGV0ZSI6MjQwMDAwMDAwMDAwLCJ1cGRhdGUiOjI0MDAwMDAwMDAwMH0sInNjaGVtYV92ZXJzaW9uIjoiMSJ9",
          "dependencies": [
            "module.network.google_compute_network.vpc"
          ]
        }
      ]
    },
    {
      "module": "module.network.module.network_firewall",
      "mode": "managed",
      "type": "google_compute_firewall",
      "name": "public_restricted_allow_inbound",
      "each": "list",
      "provider": "provider.google",
      "instances": [
        {
          "index_key": 0,
          "schema_version": 1,
          "attributes": {
            "allow": [
              {
                "ports": [],
                "protocol": "all"
              }
            ],
            "creation_timestamp": "2020-03-24T09:43:42.256-07:00",
            "deny": [],
            "description": "",
            "destination_ranges": [],
            "direction": "INGRESS",
            "disabled": false,
            "enable_logging": false,
            "id": "projects/gold-braid-268003/global/firewalls/vasten-public-restricted-allow-ingress",
            "name": "vasten-public-restricted-allow-ingress",
            "network": "https://www.googleapis.com/compute/v1/projects/gold-braid-268003/global/networks/vasten-network",
            "priority": 1000,
            "project": "gold-braid-268003",
            "self_link": "https://www.googleapis.com/compute/v1/projects/gold-braid-268003/global/firewalls/vasten-public-restricted-allow-ingress",
            "source_ranges": [
              "0.0.0.0/0"
            ],
            "source_service_accounts": null,
            "source_tags": null,
            "target_service_accounts": null,
            "target_tags": [
              "public-restricted"
            ],
            "timeouts": null
          },
          "private": "eyJlMmJmYjczMC1lY2FhLTExZTYtOGY4OC0zNDM2M2JjN2M0YzAiOnsiY3JlYXRlIjoyNDAwMDAwMDAwMDAsImRlbGV0ZSI6MjQwMDAwMDAwMDAwLCJ1cGRhdGUiOjI0MDAwMDAwMDAwMH0sInNjaGVtYV92ZXJzaW9uIjoiMSJ9",
          "dependencies": [
            "module.network.google_compute_network.vpc"
          ]
        }
      ]
    },
    {
      "module": "module.network",
      "mode": "managed",
      "type": "google_compute_network",
      "name": "vpc",
      "provider": "provider.google",
      "instances": [
        {
          "schema_version": 0,
          "attributes": {
            "auto_create_subnetworks": false,
            "delete_default_routes_on_create": false,
            "description": "",
            "gateway_ipv4": "",
            "id": "projects/gold-braid-268003/global/networks/vasten-network",
            "ipv4_range": null,
            "name": "vasten-network",
            "project": "gold-braid-268003",
            "routing_mode": "REGIONAL",
            "self_link": "https://www.googleapis.com/compute/v1/projects/gold-braid-268003/global/networks/vasten-network",
            "timeouts": null
          },
          "private": "eyJlMmJmYjczMC1lY2FhLTExZTYtOGY4OC0zNDM2M2JjN2M0YzAiOnsiY3JlYXRlIjoyNDAwMDAwMDAwMDAsImRlbGV0ZSI6MjQwMDAwMDAwMDAwLCJ1cGRhdGUiOjI0MDAwMDAwMDAwMH19"
        }
      ]
    },
    {
      "module": "module.network",
      "mode": "managed",
      "type": "google_compute_router",
      "name": "vpc_router",
      "provider": "provider.google",
      "instances": [
        {
          "schema_version": 0,
          "attributes": {
            "bgp": [],
            "creation_timestamp": "2020-03-24T09:43:42.345-07:00",
            "description": "",
            "id": "projects/gold-braid-268003/regions/us-west1/routers/vasten-router",
            "name": "vasten-router",
            "network": "https://www.googleapis.com/compute/v1/projects/gold-braid-268003/global/networks/vasten-network",
            "project": "gold-braid-268003",
            "region": "us-west1",
            "self_link": "https://www.googleapis.com/compute/v1/projects/gold-braid-268003/regions/us-west1/routers/vasten-router",
            "timeouts": null
          },
          "private": "eyJlMmJmYjczMC1lY2FhLTExZTYtOGY4OC0zNDM2M2JjN2M0YzAiOnsiY3JlYXRlIjoyNDAwMDAwMDAwMDAsImRlbGV0ZSI6MjQwMDAwMDAwMDAwLCJ1cGRhdGUiOjI0MDAwMDAwMDAwMH19",
          "dependencies": [
            "module.network.google_compute_network.vpc"
          ]
        }
      ]
    },
    {
      "module": "module.network",
      "mode": "managed",
      "type": "google_compute_router_nat",
      "name": "vpc_nat",
      "provider": "provider.google",
      "instances": [
        {
          "schema_version": 0,
          "attributes": {
            "icmp_idle_timeout_sec": 30,
            "id": "gold-braid-268003/us-west1/vasten-router/vasten-nat",
            "log_config": [],
            "min_ports_per_vm": 0,
            "name": "vasten-nat",
            "nat_ip_allocate_option": "AUTO_ONLY",
            "nat_ips": null,
            "project": "gold-braid-268003",
            "region": "us-west1",
            "router": "vasten-router",
            "source_subnetwork_ip_ranges_to_nat": "LIST_OF_SUBNETWORKS",
            "subnetwork": [
              {
                "name": "https://www.googleapis.com/compute/v1/projects/gold-braid-268003/regions/us-west1/subnetworks/vasten-subnetwork-public",
                "secondary_ip_range_names": [],
                "source_ip_ranges_to_nat": [
                  "ALL_IP_RANGES"
                ]
              }
            ],
            "tcp_established_idle_timeout_sec": 1200,
            "tcp_transitory_idle_timeout_sec": 30,
            "timeouts": null,
            "udp_idle_timeout_sec": 30
          },
          "private": "eyJlMmJmYjczMC1lY2FhLTExZTYtOGY4OC0zNDM2M2JjN2M0YzAiOnsiY3JlYXRlIjo2MDAwMDAwMDAwMDAsImRlbGV0ZSI6NjAwMDAwMDAwMDAwLCJ1cGRhdGUiOjYwMDAwMDAwMDAwMH19",
          "dependencies": [
            "module.network.google_compute_network.vpc",
            "module.network.google_compute_router.vpc_router",
            "module.network.google_compute_subnetwork.vpc_subnetwork_public"
          ]
        }
      ]
    },
    {
      "module": "module.network",
      "mode": "managed",
      "type": "google_compute_subnetwork",
      "name": "vpc_subnetwork_private",
      "provider": "provider.google",
      "instances": [
        {
          "schema_version": 0,
          "attributes": {
            "creation_timestamp": "2020-03-24T09:43:42.293-07:00",
            "description": "",
            "enable_flow_logs": null,
            "fingerprint": null,
            "gateway_address": "10.0.16.1",
            "id": "projects/gold-braid-268003/regions/us-west1/subnetworks/vasten-subnetwork-private",
            "ip_cidr_range": "10.0.16.0/20",
            "log_config": [],
            "name": "vasten-subnetwork-private",
            "network": "https://www.googleapis.com/compute/v1/projects/gold-braid-268003/global/networks/vasten-network",
            "private_ip_google_access": true,
            "project": "gold-braid-268003",
            "region": "us-west1",
            "secondary_ip_range": [
              {
                "ip_cidr_range": "10.1.16.0/20",
                "range_name": "private-services"
              }
            ],
            "self_link": "https://www.googleapis.com/compute/v1/projects/gold-braid-268003/regions/us-west1/subnetworks/vasten-subnetwork-private",
            "timeouts": null
          },
          "private": "eyJlMmJmYjczMC1lY2FhLTExZTYtOGY4OC0zNDM2M2JjN2M0YzAiOnsiY3JlYXRlIjozNjAwMDAwMDAwMDAsImRlbGV0ZSI6MzYwMDAwMDAwMDAwLCJ1cGRhdGUiOjM2MDAwMDAwMDAwMH19",
          "dependencies": [
            "module.network.google_compute_network.vpc"
          ]
        }
      ]
    },
    {
      "module": "module.network",
      "mode": "managed",
      "type": "google_compute_subnetwork",
      "name": "vpc_subnetwork_public",
      "provider": "provider.google",
      "instances": [
        {
          "schema_version": 0,
          "attributes": {
            "creation_timestamp": "2020-03-24T09:43:42.342-07:00",
            "description": "",
            "enable_flow_logs": null,
            "fingerprint": null,
            "gateway_address": "10.0.0.1",
            "id": "projects/gold-braid-268003/regions/us-west1/subnetworks/vasten-subnetwork-public",
            "ip_cidr_range": "10.0.0.0/20",
            "log_config": [],
            "name": "vasten-subnetwork-public",
            "network": "https://www.googleapis.com/compute/v1/projects/gold-braid-268003/global/networks/vasten-network",
            "private_ip_google_access": true,
            "project": "gold-braid-268003",
            "region": "us-west1",
            "secondary_ip_range": [
              {
                "ip_cidr_range": "10.1.0.0/20",
                "range_name": "public-services"
              }
            ],
            "self_link": "https://www.googleapis.com/compute/v1/projects/gold-braid-268003/regions/us-west1/subnetworks/vasten-subnetwork-public",
            "timeouts": null
          },
          "private": "eyJlMmJmYjczMC1lY2FhLTExZTYtOGY4OC0zNDM2M2JjN2M0YzAiOnsiY3JlYXRlIjozNjAwMDAwMDAwMDAsImRlbGV0ZSI6MzYwMDAwMDAwMDAwLCJ1cGRhdGUiOjM2MDAwMDAwMDAwMH19",
          "dependencies": [
            "module.network.google_compute_network.vpc"
          ]
        }
      ]
    },
    {
      "module": "module.gke_cluster",
      "mode": "managed",
      "type": "google_container_cluster",
      "name": "cluster",
      "provider": "provider.google",
      "instances": [
        {
          "schema_version": 1,
          "attributes": {
            "additional_zones": [],
            "addons_config": [
              {
                "horizontal_pod_autoscaling": [
                  {
                    "disabled": false
                  }
                ],
                "http_load_balancing": [
                  {
                    "disabled": false
                  }
                ],
                "kubernetes_dashboard": [],
                "network_policy_config": [
                  {
                    "disabled": false
                  }
                ]
              }
            ],
            "authenticator_groups_config": [],
            "cluster_autoscaling": [
              {
                "auto_provisioning_defaults": [],
                "enabled": false,
                "resource_limits": []
              }
            ],
            "cluster_ipv4_cidr": "10.1.0.0/20",
            "default_max_pods_per_node": 110,
            "description": "",
            "enable_binary_authorization": false,
            "enable_intranode_visibility": null,
            "enable_kubernetes_alpha": false,
            "enable_legacy_abac": false,
            "enable_tpu": null,
            "endpoint": "35.233.226.14",
            "id": "projects/gold-braid-268003/locations/us-west1-a/clusters/vasten-cluster",
            "initial_node_count": 2,
            "instance_group_urls": [
              "https://www.googleapis.com/compute/v1/projects/gold-braid-268003/zones/us-west1-a/instanceGroups/gke-vasten-cluster-default-pool-fb90f375-grp"
            ],
            "ip_allocation_policy": [
              {
                "cluster_ipv4_cidr_block": "10.1.0.0/20",
                "cluster_secondary_range_name": "public-services",
                "node_ipv4_cidr_block": "",
                "services_ipv4_cidr_block": "10.1.0.0/20",
                "services_secondary_range_name": "public-services",
                "subnetwork_name": ""
              }
            ],
            "label_fingerprint": "a9dc16a7",
            "location": "us-west1-a",
            "logging_service": "logging.googleapis.com/kubernetes",
            "maintenance_policy": [
              {
                "daily_maintenance_window": [
                  {
                    "duration": "PT4H0M0S",
                    "start_time": "05:00"
                  }
                ]
              }
            ],
            "master_auth": [
              {
                "client_certificate": "",
                "client_certificate_config": [
                  {
                    "issue_client_certificate": false
                  }
                ],
                "client_key": "",
                "cluster_ca_certificate": "LS0tLS1CRUdJTiBDRVJUSUZJQ0FURS0tLS0tCk1JSURERENDQWZTZ0F3SUJBZ0lSQU9CWms3aUpOVHJNTXArVGVqbjlmYmd3RFFZSktvWklodmNOQVFFTEJRQXcKTHpFdE1Dc0dBMVVFQXhNa09XRTNaREkwT1dVdE9HRTBZeTAwTjJJekxUbGxZall0WkRjMU9HVXlZV1k1TkRCagpNQjRYRFRJd01ETXlOREUxTkRRME0xb1hEVEkxTURNeU16RTJORFEwTTFvd0x6RXRNQ3NHQTFVRUF4TWtPV0UzClpESTBPV1V0T0dFMFl5MDBOMkl6TFRsbFlqWXRaRGMxT0dVeVlXWTVOREJqTUlJQklqQU5CZ2txaGtpRzl3MEIKQVFFRkFBT0NBUThBTUlJQkNnS0NBUUVBbUExTi9Lbk5LUE02SnVHcUhDSDdDWXVIbkZtbVFwRDh6N0dTYlRSUwo3eHlYSDJCb2xhYWNKVUFzNnVFdnhVOGdLcjRWSGhhZGt3MzRqU0hDT3J0YzlmZVdVSW01bUJXWWR0YnBJUVFUClRZenZkTHJXb0xrYlRZQit1SUhrbFNMMmw0ZWpZOTVsNlZZN1pkMk9iTG1qY3RHTE1weDhiZ0R6OG9aZW9KeUkKeFJrU3pFemE3dFFiQi9FcVVyVTNnNFM4OUducFEzamtOMksvUEpGVlRzaHFoZzAyc1RUSGpoUmNURngrd3U1MQpST1FkNDlaNS9mcnB6dTJ1aDV1ZzZ6NWtXSndSRExwUldxZFg4UVBVby9qZENpaU1aMmZvY05nZ1ZGRmNLZWxHCmhuaDN3bXlCcVFPbHAzcnZ3aTBzT1pjTVFENGZjMStya25TOTh5YzdZRGlnQ1FJREFRQUJveU13SVRBT0JnTlYKSFE4QkFmOEVCQU1DQWdRd0R3WURWUjBUQVFIL0JBVXdBd0VCL3pBTkJna3Foa2lHOXcwQkFRc0ZBQU9DQVFFQQpjRFErcjFOQUpRRUtUUWNPMDZYc2xENG9sdjBlR2grYmRINDdmVk8rcTdndktaN1VUZUMxVDlhbnBQUEt6UVcvCnRCSmt2MlROZ25zVno3K2F1RThGckVVMG9WSkRNQytkSDRxcitPMTZnUVgwMTlGOVQwbmEzbXJiRUl6QkY2a3AKS1pRVlJGNklKUGpOeDVKS1FqemlwOThlbFI4aVNtZ1dEd056WFNEK0lVYnl6bXpmMGtLamxWMVkxSHlwam5xSApmRTJsTXhGcG5FdVBVcEs2eE02N2xYTEQ5TytYb09TcEs5QkFRQjlDUExDR3I0R2I4Tjl5SlN2V0E0cVBxNVdqCklLN1p4bGFzZGtySFAwaGFNd2MzaWVQZW1Md1hjYVhYemg5QTkrQmNyUktVemQxZXVsS3ZKRjhNQ0MvVUxSZzUKVXE1a25teHhYQm44L2xpdUYxMXB1UT09Ci0tLS0tRU5EIENFUlRJRklDQVRFLS0tLS0K",
                "password": "",
                "username": ""
              }
            ],
            "master_authorized_networks_config": [
              {
                "cidr_blocks": [
                  {
                    "cidr_block": "0.0.0.0/0",
                    "display_name": "all-for-testing"
                  }
                ]
              }
            ],
            "master_version": "1.14.10-gke.24",
            "min_master_version": null,
            "monitoring_service": "monitoring.googleapis.com/kubernetes",
            "name": "vasten-cluster",
            "network": "projects/gold-braid-268003/global/networks/vasten-network",
            "network_policy": [
              {
                "enabled": true,
                "provider": "CALICO"
              }
            ],
            "node_config": [
              {
                "disk_size_gb": 30,
                "disk_type": "pd-standard",
                "guest_accelerator": [],
                "image_type": "COS",
                "labels": {
                  "private-pools-example": "true"
                },
                "local_ssd_count": 0,
                "machine_type": "n1-standard-2",
                "metadata": {
                  "disable-legacy-endpoints": "true"
                },
                "min_cpu_platform": "",
                "oauth_scopes": [
                  "https://www.googleapis.com/auth/cloud-platform"
                ],
                "preemptible": false,
                "sandbox_config": [],
                "service_account": "default",
                "shielded_instance_config": [
                  {
                    "enable_integrity_monitoring": true,
                    "enable_secure_boot": false
                  }
                ],
                "tags": [
                  "private",
                  "private-pool-example"
                ],
                "taint": [],
                "workload_metadata_config": []
              }
            ],
            "node_locations": [],
            "node_pool": [
              {
                "autoscaling": [],
                "initial_node_count": 2,
                "instance_group_urls": [
                  "https://www.googleapis.com/compute/v1/projects/gold-braid-268003/zones/us-west1-a/instanceGroupManagers/gke-vasten-cluster-default-pool-fb90f375-grp"
                ],
                "management": [
                  {
                    "auto_repair": false,
                    "auto_upgrade": true
                  }
                ],
                "max_pods_per_node": 110,
                "name": "default-pool",
                "name_prefix": "",
                "node_config": [
                  {
                    "disk_size_gb": 30,
                    "disk_type": "pd-standard",
                    "guest_accelerator": [],
                    "image_type": "COS",
                    "labels": {
                      "private-pools-example": "true"
                    },
                    "local_ssd_count": 0,
                    "machine_type": "n1-standard-2",
                    "metadata": {
                      "disable-legacy-endpoints": "true"
                    },
                    "min_cpu_platform": "",
                    "oauth_scopes": [
                      "https://www.googleapis.com/auth/cloud-platform"
                    ],
                    "preemptible": false,
                    "sandbox_config": [],
                    "service_account": "default",
                    "shielded_instance_config": [
                      {
                        "enable_integrity_monitoring": true,
                        "enable_secure_boot": false
                      }
                    ],
                    "tags": [
                      "private",
                      "private-pool-example"
                    ],
                    "taint": [],
                    "workload_metadata_config": []
                  }
                ],
                "node_count": 2,
                "version": "1.14.10-gke.24"
              }
            ],
            "node_version": "1.14.10-gke.24",
            "operation": null,
            "pod_security_policy_config": null,
            "private_cluster_config": [],
            "project": "gold-braid-268003",
            "region": null,
            "remove_default_node_pool": null,
            "resource_labels": null,
            "services_ipv4_cidr": "10.1.0.0/20",
            "subnetwork": "projects/gold-braid-268003/regions/us-west1/subnetworks/vasten-subnetwork-public",
            "timeouts": {
              "create": "30m",
              "delete": "30m",
              "update": "30m"
            },
            "vertical_pod_autoscaling": [],
            "zone": null
          },
          "private": "eyJlMmJmYjczMC1lY2FhLTExZTYtOGY4OC0zNDM2M2JjN2M0YzAiOnsiY3JlYXRlIjoxODAwMDAwMDAwMDAwLCJkZWxldGUiOjE4MDAwMDAwMDAwMDAsInVwZGF0ZSI6MTgwMDAwMDAwMDAwMH0sInNjaGVtYV92ZXJzaW9uIjoiMSJ9",
          "dependencies": [
            "module.network.google_compute_network.vpc",
            "module.network.google_compute_subnetwork.vpc_subnetwork_public"
          ]
        }
      ]
    },
    {
      "module": "module.storage",
      "mode": "managed",
      "type": "google_filestore_instance",
      "name": "instance",
      "provider": "provider.google",
      "instances": [
        {
          "schema_version": 0,
          "attributes": {
            "create_time": "2020-03-24T16:48:32.935586182Z",
            "description": "",
            "etag": "",
            "file_shares": [
              {
                "capacity_gb": 1024,
                "name": "vastenshare1"
              }
            ],
            "id": "projects/gold-braid-268003/locations/us-west1-a/instances/vastenshare1",
            "labels": null,
            "name": "vastenshare1",
            "networks": [
              {
                "ip_addresses": [
                  "10.141.145.194"
                ],
                "modes": [
                  "MODE_IPV4"
                ],
                "network": "vasten-network",
                "reserved_ip_range": "10.141.145.192/29"
              }
            ],
            "project": "gold-braid-268003",
            "tier": "STANDARD",
            "timeouts": null,
            "zone": "us-west1-a"
          },
          "private": "eyJlMmJmYjczMC1lY2FhLTExZTYtOGY4OC0zNDM2M2JjN2M0YzAiOnsiY3JlYXRlIjozNjAwMDAwMDAwMDAsImRlbGV0ZSI6MzYwMDAwMDAwMDAwLCJ1cGRhdGUiOjM2MDAwMDAwMDAwMH19",
          "dependencies": [
            "module.gke_cluster.google_container_cluster.cluster",
            "module.network.google_compute_network.vpc",
            "module.network.google_compute_subnetwork.vpc_subnetwork_public",
            "module.storage.null_resource.module_depends_on"
          ]
        }
      ]
    },
    {
      "module": "module.storage",
      "mode": "managed",
      "type": "null_resource",
      "name": "after",
      "provider": "provider.null",
      "instances": []
    },
    {
      "module": "module.gke_cluster",
      "mode": "managed",
      "type": "null_resource",
      "name": "build_image",
      "provider": "provider.null",
      "instances": []
    },
    {
      "module": "module.storage",
      "mode": "managed",
      "type": "null_resource",
      "name": "daemon_set_with_mnt",
      "provider": "provider.null",
      "instances": []
    },
    {
      "module": "module.storage",
      "mode": "managed",
      "type": "null_resource",
      "name": "daemon_template",
      "provider": "provider.null",
      "instances": [
        {
          "status": "tainted",
          "schema_version": 0,
          "attributes": {
            "id": "1791838091408822719",
            "triggers": null
          },
          "private": "bnVsbA==",
          "dependencies": [
            "module.gke_cluster.google_container_cluster.cluster",
            "module.network.google_compute_network.vpc",
            "module.network.google_compute_subnetwork.vpc_subnetwork_public",
            "module.storage.google_filestore_instance.instance",
            "module.storage.null_resource.module_depends_on"
          ]
        }
      ]
    },
    {
      "module": "module.storage",
      "mode": "managed",
      "type": "null_resource",
      "name": "delay",
      "provider": "provider.null",
      "instances": [
        {
          "schema_version": 0,
          "attributes": {
            "id": "1800297018637536455",
            "triggers": null
          },
          "private": "bnVsbA==",
          "dependencies": [
            "module.gke_cluster.google_container_cluster.cluster",
            "module.network.google_compute_network.vpc",
            "module.network.google_compute_subnetwork.vpc_subnetwork_public",
            "module.storage.google_filestore_instance.instance",
            "module.storage.null_resource.module_depends_on",
            "module.storage.null_resource.persistent_vol_setup"
          ]
        }
      ]
    },
    {
      "module": "module.gke_cluster",
      "mode": "managed",
      "type": "null_resource",
      "name": "get_creds",
      "provider": "provider.null",
      "instances": [
        {
          "schema_version": 0,
          "attributes": {
            "id": "6386554000384202621",
            "triggers": null
          },
          "private": "bnVsbA==",
          "dependencies": [
            "module.gke_cluster.google_container_cluster.cluster",
            "module.network.google_compute_network.vpc",
            "module.network.google_compute_subnetwork.vpc_subnetwork_public"
          ]
        }
      ]
    },
    {
      "module": "module.gke_cluster",
      "mode": "managed",
      "type": "null_resource",
      "name": "get_hostnames",
      "provider": "provider.null",
      "instances": [
        {
          "status": "tainted",
          "schema_version": 0,
          "attributes": {
            "id": "5354633803077433631",
            "triggers": null
          },
          "private": "bnVsbA==",
          "dependencies": [
            "module.gke_cluster.google_container_cluster.cluster",
            "module.gke_cluster.null_resource.get_creds",
            "module.network.google_compute_network.vpc",
            "module.network.google_compute_subnetwork.vpc_subnetwork_public"
          ]
        }
      ]
    },
    {
      "module": "module.storage",
      "mode": "managed",
      "type": "null_resource",
      "name": "module_depends_on",
      "provider": "provider.null",
      "instances": [
        {
          "schema_version": 0,
          "attributes": {
            "id": "6495618107315321694",
            "triggers": {
              "value": "1"
            }
          },
          "private": "bnVsbA==",
          "dependencies": [
            "module.gke_cluster.google_container_cluster.cluster",
            "module.network.google_compute_network.vpc",
            "module.network.google_compute_subnetwork.vpc_subnetwork_public"
          ]
        }
      ]
    },
    {
      "module": "module.storage",
      "mode": "managed",
      "type": "null_resource",
      "name": "persistent_vol",
      "provider": "provider.null",
      "instances": [
        {
          "status": "tainted",
          "schema_version": 0,
          "attributes": {
            "id": "228641518365336494",
            "triggers": null
          },
          "private": "bnVsbA==",
          "dependencies": [
            "module.gke_cluster.google_container_cluster.cluster",
            "module.network.google_compute_network.vpc",
            "module.network.google_compute_subnetwork.vpc_subnetwork_public",
            "module.storage.google_filestore_instance.instance",
            "module.storage.null_resource.delay",
            "module.storage.null_resource.module_depends_on",
            "module.storage.null_resource.persistent_vol_setup"
          ]
        }
      ]
    },
    {
      "module": "module.storage",
      "mode": "managed",
      "type": "null_resource",
      "name": "persistent_vol_claim",
      "provider": "provider.null",
      "instances": []
    },
    {
      "module": "module.storage",
      "mode": "managed",
      "type": "null_resource",
      "name": "persistent_vol_claim_setup",
      "provider": "provider.null",
      "instances": [
        {
          "schema_version": 0,
          "attributes": {
            "id": "3394217037243146164",
            "triggers": null
          },
          "private": "bnVsbA==",
          "dependencies": [
            "module.gke_cluster.google_container_cluster.cluster",
            "module.network.google_compute_network.vpc",
            "module.network.google_compute_subnetwork.vpc_subnetwork_public",
            "module.storage.google_filestore_instance.instance",
            "module.storage.null_resource.module_depends_on"
          ]
        }
      ]
    },
    {
      "module": "module.storage",
      "mode": "managed",
      "type": "null_resource",
      "name": "persistent_vol_setup",
      "provider": "provider.null",
      "instances": [
        {
          "schema_version": 0,
          "attributes": {
            "id": "2944509386948988556",
            "triggers": null
          },
          "private": "bnVsbA==",
          "dependencies": [
            "module.gke_cluster.google_container_cluster.cluster",
            "module.network.google_compute_network.vpc",
            "module.network.google_compute_subnetwork.vpc_subnetwork_public",
            "module.storage.google_filestore_instance.instance",
            "module.storage.null_resource.module_depends_on"
          ]
        }
      ]
    },
    {
      "module": "module.gke_cluster",
      "mode": "managed",
      "type": "null_resource",
      "name": "push_image",
      "provider": "provider.null",
      "instances": []
    },
    {
      "module": "module.gke_cluster",
      "mode": "managed",
      "type": "null_resource",
      "name": "update_final_hostnames",
      "provider": "provider.null",
      "instances": []
    },
    {
      "module": "module.gke_cluster",
      "mode": "managed",
      "type": "null_resource",
      "name": "update_hostnames",
      "provider": "provider.null",
      "instances": []
    },
    {
      "module": "module.gke_cluster",
      "mode": "managed",
      "type": "null_resource",
      "name": "update_hostnames_list",
      "provider": "provider.null",
      "instances": []
    }
  ]
}
