{
  "version": 4,
  "terraform_version": "0.12.24",
  "serial": 3749,
  "lineage": "172b9702-312b-eb6e-1936-65de43fcb0ce",
  "outputs": {},
  "resources": [
    {
      "module": "module.network.module.network_firewall",
      "mode": "data",
      "type": "google_compute_subnetwork",
      "name": "private_subnetwork",
      "provider": "provider.google",
      "instances": [
        {
          "schema_version": 0,
          "attributes": {
            "description": "",
            "gateway_address": "10.0.16.1",
            "id": "projects/gold-braid-268003/regions/us-west1/subnetworks/newdemovasten52-subnetwork-private",
            "ip_cidr_range": "10.0.16.0/20",
            "name": "newdemovasten52-subnetwork-private",
            "network": "https://www.googleapis.com/compute/v1/projects/gold-braid-268003/global/networks/newdemovasten52-network",
            "private_ip_google_access": true,
            "project": "gold-braid-268003",
            "region": "us-west1",
            "secondary_ip_range": [
              {
                "ip_cidr_range": "10.1.16.0/20",
                "range_name": "private-services"
              }
            ],
            "self_link": "https://www.googleapis.com/compute/v1/projects/gold-braid-268003/regions/us-west1/subnetworks/newdemovasten52-subnetwork-private"
          }
        }
      ]
    },
    {
      "module": "module.network.module.network_firewall",
      "mode": "data",
      "type": "google_compute_subnetwork",
      "name": "public_subnetwork",
      "provider": "provider.google",
      "instances": [
        {
          "schema_version": 0,
          "attributes": {
            "description": "",
            "gateway_address": "10.0.0.1",
            "id": "projects/gold-braid-268003/regions/us-west1/subnetworks/newdemovasten52-subnetwork-public",
            "ip_cidr_range": "10.0.0.0/20",
            "name": "newdemovasten52-subnetwork-public",
            "network": "https://www.googleapis.com/compute/v1/projects/gold-braid-268003/global/networks/newdemovasten52-network",
            "private_ip_google_access": true,
            "project": "gold-braid-268003",
            "region": "us-west1",
            "secondary_ip_range": [
              {
                "ip_cidr_range": "10.1.0.0/20",
                "range_name": "public-services"
              }
            ],
            "self_link": "https://www.googleapis.com/compute/v1/projects/gold-braid-268003/regions/us-west1/subnetworks/newdemovasten52-subnetwork-public"
          }
        }
      ]
    },
    {
      "module": "module.network.module.network_firewall",
      "mode": "managed",
      "type": "google_compute_firewall",
      "name": "private_allow_all_network_inbound",
      "provider": "provider.google",
      "instances": [
        {
          "schema_version": 1,
          "attributes": {
            "allow": [
              {
                "ports": [],
                "protocol": "all"
              }
            ],
            "creation_timestamp": "2020-05-05T20:23:32.234-07:00",
            "deny": [],
            "description": "",
            "destination_ranges": [],
            "direction": "INGRESS",
            "disabled": false,
            "enable_logging": false,
            "id": "projects/gold-braid-268003/global/firewalls/newdemovasten52-private-allow-ingress",
            "name": "newdemovasten52-private-allow-ingress",
            "network": "https://www.googleapis.com/compute/v1/projects/gold-braid-268003/global/networks/newdemovasten52-network",
            "priority": 1000,
            "project": "gold-braid-268003",
            "self_link": "https://www.googleapis.com/compute/v1/projects/gold-braid-268003/global/firewalls/newdemovasten52-private-allow-ingress",
            "source_ranges": [
              "10.0.0.0/20",
              "10.0.16.0/20",
              "10.1.0.0/20",
              "10.1.16.0/20"
            ],
            "source_service_accounts": [],
            "source_tags": [],
            "target_service_accounts": [],
            "target_tags": [
              "private"
            ],
            "timeouts": null
          },
          "private": "eyJlMmJmYjczMC1lY2FhLTExZTYtOGY4OC0zNDM2M2JjN2M0YzAiOnsiY3JlYXRlIjoyNDAwMDAwMDAwMDAsImRlbGV0ZSI6MjQwMDAwMDAwMDAwLCJ1cGRhdGUiOjI0MDAwMDAwMDAwMH0sInNjaGVtYV92ZXJzaW9uIjoiMSJ9",
          "dependencies": [
            "module.network.google_compute_network.vpc",
            "module.network.google_compute_subnetwork.vpc_subnetwork_private",
            "module.network.google_compute_subnetwork.vpc_subnetwork_public"
          ]
        }
      ]
    },
    {
      "module": "module.network.module.network_firewall",
      "mode": "managed",
      "type": "google_compute_firewall",
      "name": "private_allow_restricted_network_inbound",
      "provider": "provider.google",
      "instances": [
        {
          "schema_version": 1,
          "attributes": {
            "allow": [
              {
                "ports": [],
                "protocol": "all"
              }
            ],
            "creation_timestamp": "2020-05-05T20:23:05.945-07:00",
            "deny": [],
            "description": "",
            "destination_ranges": [],
            "direction": "INGRESS",
            "disabled": false,
            "enable_logging": false,
            "id": "projects/gold-braid-268003/global/firewalls/newdemovasten52-allow-restricted-inbound",
            "name": "newdemovasten52-allow-restricted-inbound",
            "network": "https://www.googleapis.com/compute/v1/projects/gold-braid-268003/global/networks/newdemovasten52-network",
            "priority": 1000,
            "project": "gold-braid-268003",
            "self_link": "https://www.googleapis.com/compute/v1/projects/gold-braid-268003/global/firewalls/newdemovasten52-allow-restricted-inbound",
            "source_ranges": [],
            "source_service_accounts": [],
            "source_tags": [
              "private",
              "private-persistence"
            ],
            "target_service_accounts": [],
            "target_tags": [
              "private-persistence"
            ],
            "timeouts": null
          },
          "private": "eyJlMmJmYjczMC1lY2FhLTExZTYtOGY4OC0zNDM2M2JjN2M0YzAiOnsiY3JlYXRlIjoyNDAwMDAwMDAwMDAsImRlbGV0ZSI6MjQwMDAwMDAwMDAwLCJ1cGRhdGUiOjI0MDAwMDAwMDAwMH0sInNjaGVtYV92ZXJzaW9uIjoiMSJ9",
          "dependencies": [
            "module.network.google_compute_network.vpc"
          ]
        }
      ]
    },
    {
      "module": "module.network.module.network_firewall",
      "mode": "managed",
      "type": "google_compute_firewall",
      "name": "public_allow_all_inbound",
      "provider": "provider.google",
      "instances": [
        {
          "schema_version": 1,
          "attributes": {
            "allow": [
              {
                "ports": [],
                "protocol": "all"
              }
            ],
            "creation_timestamp": "2020-05-05T20:23:05.884-07:00",
            "deny": [],
            "description": "",
            "destination_ranges": [],
            "direction": "INGRESS",
            "disabled": false,
            "enable_logging": false,
            "id": "projects/gold-braid-268003/global/firewalls/newdemovasten52-public-allow-ingress",
            "name": "newdemovasten52-public-allow-ingress",
            "network": "https://www.googleapis.com/compute/v1/projects/gold-braid-268003/global/networks/newdemovasten52-network",
            "priority": 1000,
            "project": "gold-braid-268003",
            "self_link": "https://www.googleapis.com/compute/v1/projects/gold-braid-268003/global/firewalls/newdemovasten52-public-allow-ingress",
            "source_ranges": [
              "0.0.0.0/0"
            ],
            "source_service_accounts": [],
            "source_tags": [],
            "target_service_accounts": [],
            "target_tags": [
              "public"
            ],
            "timeouts": null
          },
          "private": "eyJlMmJmYjczMC1lY2FhLTExZTYtOGY4OC0zNDM2M2JjN2M0YzAiOnsiY3JlYXRlIjoyNDAwMDAwMDAwMDAsImRlbGV0ZSI6MjQwMDAwMDAwMDAwLCJ1cGRhdGUiOjI0MDAwMDAwMDAwMH0sInNjaGVtYV92ZXJzaW9uIjoiMSJ9",
          "dependencies": [
            "module.network.google_compute_network.vpc"
          ]
        }
      ]
    },
    {
      "module": "module.network.module.network_firewall",
      "mode": "managed",
      "type": "google_compute_firewall",
      "name": "public_restricted_allow_inbound",
      "each": "list",
      "provider": "provider.google",
      "instances": [
        {
          "index_key": 0,
          "schema_version": 1,
          "attributes": {
            "allow": [
              {
                "ports": [],
                "protocol": "all"
              }
            ],
            "creation_timestamp": "2020-05-05T20:23:05.637-07:00",
            "deny": [],
            "description": "",
            "destination_ranges": [],
            "direction": "INGRESS",
            "disabled": false,
            "enable_logging": false,
            "id": "projects/gold-braid-268003/global/firewalls/newdemovasten52-public-restricted-allow-ingress",
            "name": "newdemovasten52-public-restricted-allow-ingress",
            "network": "https://www.googleapis.com/compute/v1/projects/gold-braid-268003/global/networks/newdemovasten52-network",
            "priority": 1000,
            "project": "gold-braid-268003",
            "self_link": "https://www.googleapis.com/compute/v1/projects/gold-braid-268003/global/firewalls/newdemovasten52-public-restricted-allow-ingress",
            "source_ranges": [
              "0.0.0.0/0"
            ],
            "source_service_accounts": [],
            "source_tags": [],
            "target_service_accounts": [],
            "target_tags": [
              "public-restricted"
            ],
            "timeouts": null
          },
          "private": "eyJlMmJmYjczMC1lY2FhLTExZTYtOGY4OC0zNDM2M2JjN2M0YzAiOnsiY3JlYXRlIjoyNDAwMDAwMDAwMDAsImRlbGV0ZSI6MjQwMDAwMDAwMDAwLCJ1cGRhdGUiOjI0MDAwMDAwMDAwMH0sInNjaGVtYV92ZXJzaW9uIjoiMSJ9",
          "dependencies": [
            "module.network.google_compute_network.vpc"
          ]
        }
      ]
    },
    {
      "module": "module.network",
      "mode": "managed",
      "type": "google_compute_network",
      "name": "vpc",
      "provider": "provider.google",
      "instances": [
        {
          "schema_version": 0,
          "attributes": {
            "auto_create_subnetworks": false,
            "delete_default_routes_on_create": false,
            "description": "",
            "gateway_ipv4": "",
            "id": "projects/gold-braid-268003/global/networks/newdemovasten52-network",
            "ipv4_range": null,
            "name": "newdemovasten52-network",
            "project": "gold-braid-268003",
            "routing_mode": "REGIONAL",
            "self_link": "https://www.googleapis.com/compute/v1/projects/gold-braid-268003/global/networks/newdemovasten52-network",
            "timeouts": null
          },
          "private": "eyJlMmJmYjczMC1lY2FhLTExZTYtOGY4OC0zNDM2M2JjN2M0YzAiOnsiY3JlYXRlIjoyNDAwMDAwMDAwMDAsImRlbGV0ZSI6MjQwMDAwMDAwMDAwLCJ1cGRhdGUiOjI0MDAwMDAwMDAwMH19"
        }
      ]
    },
    {
      "module": "module.network",
      "mode": "managed",
      "type": "google_compute_router",
      "name": "vpc_router",
      "provider": "provider.google",
      "instances": [
        {
          "schema_version": 0,
          "attributes": {
            "bgp": [],
            "creation_timestamp": "2020-05-05T20:23:05.644-07:00",
            "description": "",
            "id": "projects/gold-braid-268003/regions/us-west1/routers/newdemovasten52-router",
            "name": "newdemovasten52-router",
            "network": "https://www.googleapis.com/compute/v1/projects/gold-braid-268003/global/networks/newdemovasten52-network",
            "project": "gold-braid-268003",
            "region": "us-west1",
            "self_link": "https://www.googleapis.com/compute/v1/projects/gold-braid-268003/regions/us-west1/routers/newdemovasten52-router",
            "timeouts": null
          },
          "private": "eyJlMmJmYjczMC1lY2FhLTExZTYtOGY4OC0zNDM2M2JjN2M0YzAiOnsiY3JlYXRlIjoyNDAwMDAwMDAwMDAsImRlbGV0ZSI6MjQwMDAwMDAwMDAwLCJ1cGRhdGUiOjI0MDAwMDAwMDAwMH19",
          "dependencies": [
            "module.network.google_compute_network.vpc"
          ]
        }
      ]
    },
    {
      "module": "module.network",
      "mode": "managed",
      "type": "google_compute_router_nat",
      "name": "vpc_nat",
      "provider": "provider.google",
      "instances": [
        {
          "schema_version": 0,
          "attributes": {
            "icmp_idle_timeout_sec": 30,
            "id": "gold-braid-268003/us-west1/newdemovasten52-router/newdemovasten52-nat",
            "log_config": [],
            "min_ports_per_vm": 0,
            "name": "newdemovasten52-nat",
            "nat_ip_allocate_option": "AUTO_ONLY",
            "nat_ips": [],
            "project": "gold-braid-268003",
            "region": "us-west1",
            "router": "newdemovasten52-router",
            "source_subnetwork_ip_ranges_to_nat": "LIST_OF_SUBNETWORKS",
            "subnetwork": [
              {
                "name": "https://www.googleapis.com/compute/v1/projects/gold-braid-268003/regions/us-west1/subnetworks/newdemovasten52-subnetwork-public",
                "secondary_ip_range_names": [],
                "source_ip_ranges_to_nat": [
                  "ALL_IP_RANGES"
                ]
              }
            ],
            "tcp_established_idle_timeout_sec": 1200,
            "tcp_transitory_idle_timeout_sec": 30,
            "timeouts": null,
            "udp_idle_timeout_sec": 30
          },
          "private": "eyJlMmJmYjczMC1lY2FhLTExZTYtOGY4OC0zNDM2M2JjN2M0YzAiOnsiY3JlYXRlIjo2MDAwMDAwMDAwMDAsImRlbGV0ZSI6NjAwMDAwMDAwMDAwLCJ1cGRhdGUiOjYwMDAwMDAwMDAwMH19",
          "dependencies": [
            "module.network.google_compute_network.vpc",
            "module.network.google_compute_router.vpc_router",
            "module.network.google_compute_subnetwork.vpc_subnetwork_public"
          ]
        }
      ]
    },
    {
      "module": "module.network",
      "mode": "managed",
      "type": "google_compute_subnetwork",
      "name": "vpc_subnetwork_private",
      "provider": "provider.google",
      "instances": [
        {
          "schema_version": 0,
          "attributes": {
            "creation_timestamp": "2020-05-05T20:23:06.085-07:00",
            "description": "",
            "enable_flow_logs": null,
            "fingerprint": null,
            "gateway_address": "10.0.16.1",
            "id": "projects/gold-braid-268003/regions/us-west1/subnetworks/newdemovasten52-subnetwork-private",
            "ip_cidr_range": "10.0.16.0/20",
            "log_config": [],
            "name": "newdemovasten52-subnetwork-private",
            "network": "https://www.googleapis.com/compute/v1/projects/gold-braid-268003/global/networks/newdemovasten52-network",
            "private_ip_google_access": true,
            "project": "gold-braid-268003",
            "region": "us-west1",
            "secondary_ip_range": [
              {
                "ip_cidr_range": "10.1.16.0/20",
                "range_name": "private-services"
              }
            ],
            "self_link": "https://www.googleapis.com/compute/v1/projects/gold-braid-268003/regions/us-west1/subnetworks/newdemovasten52-subnetwork-private",
            "timeouts": null
          },
          "private": "eyJlMmJmYjczMC1lY2FhLTExZTYtOGY4OC0zNDM2M2JjN2M0YzAiOnsiY3JlYXRlIjozNjAwMDAwMDAwMDAsImRlbGV0ZSI6MzYwMDAwMDAwMDAwLCJ1cGRhdGUiOjM2MDAwMDAwMDAwMH19",
          "dependencies": [
            "module.network.google_compute_network.vpc"
          ]
        }
      ]
    },
    {
      "module": "module.network",
      "mode": "managed",
      "type": "google_compute_subnetwork",
      "name": "vpc_subnetwork_public",
      "provider": "provider.google",
      "instances": [
        {
          "schema_version": 0,
          "attributes": {
            "creation_timestamp": "2020-05-05T20:23:05.790-07:00",
            "description": "",
            "enable_flow_logs": null,
            "fingerprint": null,
            "gateway_address": "10.0.0.1",
            "id": "projects/gold-braid-268003/regions/us-west1/subnetworks/newdemovasten52-subnetwork-public",
            "ip_cidr_range": "10.0.0.0/20",
            "log_config": [],
            "name": "newdemovasten52-subnetwork-public",
            "network": "https://www.googleapis.com/compute/v1/projects/gold-braid-268003/global/networks/newdemovasten52-network",
            "private_ip_google_access": true,
            "project": "gold-braid-268003",
            "region": "us-west1",
            "secondary_ip_range": [
              {
                "ip_cidr_range": "10.1.0.0/20",
                "range_name": "public-services"
              }
            ],
            "self_link": "https://www.googleapis.com/compute/v1/projects/gold-braid-268003/regions/us-west1/subnetworks/newdemovasten52-subnetwork-public",
            "timeouts": null
          },
          "private": "eyJlMmJmYjczMC1lY2FhLTExZTYtOGY4OC0zNDM2M2JjN2M0YzAiOnsiY3JlYXRlIjozNjAwMDAwMDAwMDAsImRlbGV0ZSI6MzYwMDAwMDAwMDAwLCJ1cGRhdGUiOjM2MDAwMDAwMDAwMH19",
          "dependencies": [
            "module.network.google_compute_network.vpc"
          ]
        }
      ]
    },
    {
      "module": "module.gke_cluster",
      "mode": "managed",
      "type": "google_container_cluster",
      "name": "cluster",
      "provider": "provider.google",
      "instances": [
        {
          "schema_version": 1,
          "attributes": {
            "additional_zones": [],
            "addons_config": [
              {
                "horizontal_pod_autoscaling": [
                  {
                    "disabled": false
                  }
                ],
                "http_load_balancing": [
                  {
                    "disabled": false
                  }
                ],
                "kubernetes_dashboard": [],
                "network_policy_config": [
                  {
                    "disabled": false
                  }
                ]
              }
            ],
            "authenticator_groups_config": [],
            "cluster_autoscaling": [
              {
                "auto_provisioning_defaults": [],
                "enabled": false,
                "resource_limits": []
              }
            ],
            "cluster_ipv4_cidr": "10.1.0.0/20",
            "default_max_pods_per_node": 110,
            "description": "",
            "enable_binary_authorization": false,
            "enable_intranode_visibility": null,
            "enable_kubernetes_alpha": false,
            "enable_legacy_abac": false,
            "enable_tpu": null,
            "endpoint": "35.197.63.59",
            "id": "projects/gold-braid-268003/locations/us-west1-a/clusters/newdemovasten52-cluster",
            "initial_node_count": 2,
            "instance_group_urls": [
              "https://www.googleapis.com/compute/v1/projects/gold-braid-268003/zones/us-west1-a/instanceGroups/gke-newdemovasten52-clus-default-pool-15fddea2-grp"
            ],
            "ip_allocation_policy": [
              {
                "cluster_ipv4_cidr_block": "10.1.0.0/20",
                "cluster_secondary_range_name": "public-services",
                "node_ipv4_cidr_block": "",
                "services_ipv4_cidr_block": "10.1.0.0/20",
                "services_secondary_range_name": "public-services",
                "subnetwork_name": ""
              }
            ],
            "label_fingerprint": "a9dc16a7",
            "location": "us-west1-a",
            "logging_service": "logging.googleapis.com/kubernetes",
            "maintenance_policy": [
              {
                "daily_maintenance_window": [
                  {
                    "duration": "PT4H0M0S",
                    "start_time": "05:00"
                  }
                ]
              }
            ],
            "master_auth": [
              {
                "client_certificate": "",
                "client_certificate_config": [
                  {
                    "issue_client_certificate": false
                  }
                ],
                "client_key": "",
                "cluster_ca_certificate": "LS0tLS1CRUdJTiBDRVJUSUZJQ0FURS0tLS0tCk1JSURDekNDQWZPZ0F3SUJBZ0lRRmp2V2VQaEwzK042S0VIa3lHdm56REFOQmdrcWhraUc5dzBCQVFzRkFEQXYKTVMwd0t3WURWUVFERXlSbU5EUXdPREEyWVMwMlpUSTBMVFEwTWpRdE9HUmpOQzA1TXpnMFpEVmtZV1ZrWWpJdwpIaGNOTWpBd05UQTJNREl5TXpNeFdoY05NalV3TlRBMU1ETXlNek14V2pBdk1TMHdLd1lEVlFRREV5Um1ORFF3Ck9EQTJZUzAyWlRJMExUUTBNalF0T0dSak5DMDVNemcwWkRWa1lXVmtZakl3Z2dFaU1BMEdDU3FHU0liM0RRRUIKQVFVQUE0SUJEd0F3Z2dFS0FvSUJBUUMzS1RrV3FSRkZJd2wxLzBxbjh4OW5PL1NyOUpJQ2svOFB3Z3h1VGdsQwovOW51VEdFdTdOU2tXRHhRbDMxdXlxU3I4bVRGb0ZxdTM4N1VDT01EN1dsYXQ2TkdHWnc4LzFGVyt4aHo0dVZNClRvZGMrVHVaSXpiUlJQY1JXbDY3R3BQSW80OGRERTdFbzZBSUhneHFNcHA2T0NWZDVHdU1KODE5djBXS3JYR2IKQTZ2eUdDS3hoSG5QY0pYcnUvRWhoVzdyd3R3TVU5TDVHR3BrUkVNVkRnS09tU3BUUXkvRmNvUC8wbzZ0TG92Qwpqc2NZOWlVTjJYQ1RGY0N5ZEx5eU4zb2ZuQ1A5OWpXUEo0VktwT3BDN1gxelFKZWhhbkk2aE9ZR0pyelhGWmlYCnhMOHhoU1IrY0FWWTNaNmF0VnZlSHFLOUJzYUlnekpubmJRNUdGeDlIY056QWdNQkFBR2pJekFoTUE0R0ExVWQKRHdFQi93UUVBd0lDQkRBUEJnTlZIUk1CQWY4RUJUQURBUUgvTUEwR0NTcUdTSWIzRFFFQkN3VUFBNElCQVFBUwpTVUZNWGpvbXNIbDVpNFU4ZGtSdzAyYjJSK09HR1RTVHZCci9YYTV3SmlyY0ppdGpieUxkeGVjSVh5anlWS25CCkplaStodWdTM2oraFFYRHltT1c4UlBpTUxLSXlLQnhpU2hxTmZYRzhXMnFNU2Vpc2FHV1A5YWY0TlU1VHAvZEQKQ3VUT2dFTWNWb2F6Nm4wVHI2RGRVR3VXTFNaSWhPS3dUL05Hc2JaV003N2xCSEtRdlUyQk1QQmsrVjdYK0lpWApOemttd0t4ZEpYR0w4WTdNMzlBajA4bURkaEdBQmxlcWErK3NkR09yTWdBck9JMTNzQ3lHTmQ4SkFIWXFwMk9rCkgyTDVoSjJ4UEtEaG5NM21ERFcxS1lNaU5qRW5yU3hBN3FkelRYaW1zbmpkVkwwNG8yQTVHTE4rQVc4Z2lOdHUKa2dwdEkrbUdwZmhUMFpML0hkMm0KLS0tLS1FTkQgQ0VSVElGSUNBVEUtLS0tLQo=",
                "password": "",
                "username": ""
              }
            ],
            "master_authorized_networks_config": [
              {
                "cidr_blocks": [
                  {
                    "cidr_block": "0.0.0.0/0",
                    "display_name": "all-for-testing"
                  }
                ]
              }
            ],
            "master_version": "1.14.10-gke.27",
            "min_master_version": null,
            "monitoring_service": "monitoring.googleapis.com/kubernetes",
            "name": "newdemovasten52-cluster",
            "network": "projects/gold-braid-268003/global/networks/newdemovasten52-network",
            "network_policy": [
              {
                "enabled": true,
                "provider": "CALICO"
              }
            ],
            "node_config": [
              {
                "disk_size_gb": 30,
                "disk_type": "pd-standard",
                "guest_accelerator": [],
                "image_type": "COS",
                "labels": {
                  "private-pools-example": "true"
                },
                "local_ssd_count": 0,
                "machine_type": "n1-standard-2",
                "metadata": {
                  "disable-legacy-endpoints": "true"
                },
                "min_cpu_platform": "",
                "oauth_scopes": [
                  "https://www.googleapis.com/auth/cloud-platform"
                ],
                "preemptible": false,
                "sandbox_config": [],
                "service_account": "default",
                "shielded_instance_config": [
                  {
                    "enable_integrity_monitoring": true,
                    "enable_secure_boot": false
                  }
                ],
                "tags": [
                  "private",
                  "private-pool-example"
                ],
                "taint": [],
                "workload_metadata_config": []
              }
            ],
            "node_locations": [],
            "node_pool": [
              {
                "autoscaling": [],
                "initial_node_count": 2,
                "instance_group_urls": [
                  "https://www.googleapis.com/compute/v1/projects/gold-braid-268003/zones/us-west1-a/instanceGroupManagers/gke-newdemovasten52-clus-default-pool-15fddea2-grp"
                ],
                "management": [
                  {
                    "auto_repair": false,
                    "auto_upgrade": true
                  }
                ],
                "max_pods_per_node": 110,
                "name": "default-pool",
                "name_prefix": "",
                "node_config": [
                  {
                    "disk_size_gb": 30,
                    "disk_type": "pd-standard",
                    "guest_accelerator": [],
                    "image_type": "COS",
                    "labels": {
                      "private-pools-example": "true"
                    },
                    "local_ssd_count": 0,
                    "machine_type": "n1-standard-2",
                    "metadata": {
                      "disable-legacy-endpoints": "true"
                    },
                    "min_cpu_platform": "",
                    "oauth_scopes": [
                      "https://www.googleapis.com/auth/cloud-platform"
                    ],
                    "preemptible": false,
                    "sandbox_config": [],
                    "service_account": "default",
                    "shielded_instance_config": [
                      {
                        "enable_integrity_monitoring": true,
                        "enable_secure_boot": false
                      }
                    ],
                    "tags": [
                      "private",
                      "private-pool-example"
                    ],
                    "taint": [],
                    "workload_metadata_config": []
                  }
                ],
                "node_count": 2,
                "version": "1.14.10-gke.27"
              }
            ],
            "node_version": "1.14.10-gke.27",
            "operation": null,
            "pod_security_policy_config": [],
            "private_cluster_config": [],
            "project": "gold-braid-268003",
            "region": null,
            "remove_default_node_pool": null,
            "resource_labels": {},
            "services_ipv4_cidr": "10.1.0.0/20",
            "subnetwork": "projects/gold-braid-268003/regions/us-west1/subnetworks/newdemovasten52-subnetwork-public",
            "timeouts": {
              "create": "30m",
              "delete": "30m",
              "update": "30m"
            },
            "vertical_pod_autoscaling": [],
            "zone": null
          },
          "private": "eyJlMmJmYjczMC1lY2FhLTExZTYtOGY4OC0zNDM2M2JjN2M0YzAiOnsiY3JlYXRlIjoxODAwMDAwMDAwMDAwLCJkZWxldGUiOjE4MDAwMDAwMDAwMDAsInVwZGF0ZSI6MTgwMDAwMDAwMDAwMH0sInNjaGVtYV92ZXJzaW9uIjoiMSJ9",
          "dependencies": [
            "module.network.google_compute_network.vpc",
            "module.network.google_compute_subnetwork.vpc_subnetwork_public"
          ]
        }
      ]
    },
    {
      "module": "module.storage",
      "mode": "managed",
      "type": "google_filestore_instance",
      "name": "instance",
      "provider": "provider.google",
      "instances": [
        {
          "schema_version": 0,
          "attributes": {
            "create_time": "2020-05-06T03:26:50.250792665Z",
            "description": "",
            "etag": "",
            "file_shares": [
              {
                "capacity_gb": 500,
                "name": "newdemovasten52"
              }
            ],
            "id": "projects/gold-braid-268003/locations/us-west1-a/instances/newdemovasten52",
            "labels": {},
            "name": "newdemovasten52",
            "networks": [
              {
                "ip_addresses": [
                  "10.219.42.202"
                ],
                "modes": [
                  "MODE_IPV4"
                ],
                "network": "newdemovasten52-network",
                "reserved_ip_range": "10.219.42.200/29"
              }
            ],
            "project": "gold-braid-268003",
            "tier": "STANDARD",
            "timeouts": null,
            "zone": "us-west1-a"
          },
          "private": "eyJlMmJmYjczMC1lY2FhLTExZTYtOGY4OC0zNDM2M2JjN2M0YzAiOnsiY3JlYXRlIjozNjAwMDAwMDAwMDAsImRlbGV0ZSI6MzYwMDAwMDAwMDAwLCJ1cGRhdGUiOjM2MDAwMDAwMDAwMH19",
          "dependencies": [
            "module.storage.null_resource.module_depends_on"
          ]
        }
      ]
    },
    {
      "module": "module.storage",
      "mode": "managed",
      "type": "null_resource",
      "name": "after",
      "provider": "provider.null",
      "instances": [
        {
          "schema_version": 0,
          "attributes": {
            "id": "2378858429128008619",
            "triggers": null
          },
          "dependencies": [
            "module.gke_cluster.google_container_cluster.cluster",
            "module.network.google_compute_network.vpc",
            "module.network.google_compute_subnetwork.vpc_subnetwork_public",
            "module.storage.google_filestore_instance.instance",
            "module.storage.null_resource.delay",
            "module.storage.null_resource.module_depends_on",
            "module.storage.null_resource.persistent_vol",
            "module.storage.null_resource.persistent_vol_setup"
          ]
        }
      ]
    },
    {
      "module": "module.gke_cluster",
      "mode": "managed",
      "type": "null_resource",
      "name": "build_image",
      "provider": "provider.null",
      "instances": [
        {
          "schema_version": 0,
          "attributes": {
            "id": "6425426127890726761",
            "triggers": null
          },
          "dependencies": [
            "module.gke_cluster.google_container_cluster.cluster",
            "module.gke_cluster.null_resource.get_creds",
            "module.gke_cluster.null_resource.get_hostnames",
            "module.gke_cluster.null_resource.update_hostnames",
            "module.gke_cluster.null_resource.update_hostnames_list",
            "module.network.google_compute_network.vpc",
            "module.network.google_compute_subnetwork.vpc_subnetwork_public"
          ]
        }
      ]
    },
    {
      "module": "module.storage",
      "mode": "managed",
      "type": "null_resource",
      "name": "daemon_set_with_mnt",
      "provider": "provider.null",
      "instances": [
        {
          "schema_version": 0,
          "attributes": {
            "id": "5507038609476467645",
            "triggers": null
          },
          "dependencies": [
            "module.gke_cluster.google_container_cluster.cluster",
            "module.network.google_compute_network.vpc",
            "module.network.google_compute_subnetwork.vpc_subnetwork_public",
            "module.storage.google_filestore_instance.instance",
            "module.storage.null_resource.after",
            "module.storage.null_resource.daemon_template",
            "module.storage.null_resource.delay",
            "module.storage.null_resource.module_depends_on",
            "module.storage.null_resource.persistent_vol",
            "module.storage.null_resource.persistent_vol_claim",
            "module.storage.null_resource.persistent_vol_setup",
            "module.storage.null_resource.pvc_after"
          ]
        }
      ]
    },
    {
      "module": "module.storage",
      "mode": "managed",
      "type": "null_resource",
      "name": "daemon_template",
      "provider": "provider.null",
      "instances": [
        {
          "schema_version": 0,
          "attributes": {
            "id": "8346608525042040070",
            "triggers": null
          },
          "dependencies": [
            "module.gke_cluster.google_container_cluster.cluster",
            "module.network.google_compute_network.vpc",
            "module.network.google_compute_subnetwork.vpc_subnetwork_public",
            "module.storage.google_filestore_instance.instance",
            "module.storage.null_resource.after",
            "module.storage.null_resource.delay",
            "module.storage.null_resource.module_depends_on",
            "module.storage.null_resource.persistent_vol",
            "module.storage.null_resource.persistent_vol_claim",
            "module.storage.null_resource.persistent_vol_setup",
            "module.storage.null_resource.pvc_after"
          ]
        }
      ]
    },
    {
      "module": "module.storage",
      "mode": "managed",
      "type": "null_resource",
      "name": "delay",
      "provider": "provider.null",
      "instances": [
        {
          "schema_version": 0,
          "attributes": {
            "id": "7734085042281580088",
            "triggers": null
          },
          "dependencies": [
            "module.gke_cluster.google_container_cluster.cluster",
            "module.network.google_compute_network.vpc",
            "module.network.google_compute_subnetwork.vpc_subnetwork_public",
            "module.storage.google_filestore_instance.instance",
            "module.storage.null_resource.module_depends_on",
            "module.storage.null_resource.persistent_vol_setup"
          ]
        }
      ]
    },
    {
      "module": "module.gke_cluster",
      "mode": "managed",
      "type": "null_resource",
      "name": "get_creds",
      "provider": "provider.null",
      "instances": [
        {
          "schema_version": 0,
          "attributes": {
            "id": "6927899277614728468",
            "triggers": null
          },
          "dependencies": [
            "module.gke_cluster.google_container_cluster.cluster",
            "module.network.google_compute_network.vpc",
            "module.network.google_compute_subnetwork.vpc_subnetwork_public"
          ]
        }
      ]
    },
    {
      "module": "module.gke_cluster",
      "mode": "managed",
      "type": "null_resource",
      "name": "get_hostnames",
      "provider": "provider.null",
      "instances": [
        {
          "schema_version": 0,
          "attributes": {
            "id": "2280343532184092377",
            "triggers": null
          },
          "dependencies": [
            "module.gke_cluster.google_container_cluster.cluster",
            "module.gke_cluster.null_resource.get_creds",
            "module.network.google_compute_network.vpc",
            "module.network.google_compute_subnetwork.vpc_subnetwork_public"
          ]
        }
      ]
    },
    {
      "module": "module.storage",
      "mode": "managed",
      "type": "null_resource",
      "name": "module_depends_on",
      "provider": "provider.null",
      "instances": [
        {
          "schema_version": 0,
          "attributes": {
            "id": "8018436574451462691",
            "triggers": {
              "value": "1"
            }
          },
          "dependencies": [
            "module.gke_cluster.google_container_cluster.cluster",
            "module.network.google_compute_network.vpc",
            "module.network.google_compute_subnetwork.vpc_subnetwork_public"
          ]
        }
      ]
    },
    {
      "module": "module.storage",
      "mode": "managed",
      "type": "null_resource",
      "name": "persistent_vol",
      "provider": "provider.null",
      "instances": [
        {
          "schema_version": 0,
          "attributes": {
            "id": "2674705997148821041",
            "triggers": null
          },
          "dependencies": [
            "module.gke_cluster.google_container_cluster.cluster",
            "module.network.google_compute_network.vpc",
            "module.network.google_compute_subnetwork.vpc_subnetwork_public",
            "module.storage.google_filestore_instance.instance",
            "module.storage.null_resource.delay",
            "module.storage.null_resource.module_depends_on",
            "module.storage.null_resource.persistent_vol_setup"
          ]
        }
      ]
    },
    {
      "module": "module.storage",
      "mode": "managed",
      "type": "null_resource",
      "name": "persistent_vol_claim",
      "provider": "provider.null",
      "instances": [
        {
          "schema_version": 0,
          "attributes": {
            "id": "7743056010964853267",
            "triggers": null
          },
          "dependencies": [
            "module.gke_cluster.google_container_cluster.cluster",
            "module.network.google_compute_network.vpc",
            "module.network.google_compute_subnetwork.vpc_subnetwork_public",
            "module.storage.google_filestore_instance.instance",
            "module.storage.null_resource.after",
            "module.storage.null_resource.delay",
            "module.storage.null_resource.module_depends_on",
            "module.storage.null_resource.persistent_vol",
            "module.storage.null_resource.persistent_vol_setup"
          ]
        }
      ]
    },
    {
      "module": "module.storage",
      "mode": "managed",
      "type": "null_resource",
      "name": "persistent_vol_setup",
      "provider": "provider.null",
      "instances": [
        {
          "schema_version": 0,
          "attributes": {
            "id": "2405637710976204491",
            "triggers": null
          },
          "dependencies": [
            "module.gke_cluster.google_container_cluster.cluster",
            "module.network.google_compute_network.vpc",
            "module.network.google_compute_subnetwork.vpc_subnetwork_public",
            "module.storage.google_filestore_instance.instance",
            "module.storage.null_resource.module_depends_on"
          ]
        }
      ]
    },
    {
      "module": "module.gke_cluster",
      "mode": "managed",
      "type": "null_resource",
      "name": "push_image",
      "provider": "provider.null",
      "instances": [
        {
          "schema_version": 0,
          "attributes": {
            "id": "6133345276192095354",
            "triggers": null
          },
          "dependencies": [
            "module.gke_cluster.google_container_cluster.cluster",
            "module.gke_cluster.null_resource.build_image",
            "module.gke_cluster.null_resource.get_creds",
            "module.gke_cluster.null_resource.get_hostnames",
            "module.gke_cluster.null_resource.update_hostnames",
            "module.gke_cluster.null_resource.update_hostnames_list",
            "module.network.google_compute_network.vpc",
            "module.network.google_compute_subnetwork.vpc_subnetwork_public"
          ]
        }
      ]
    },
    {
      "module": "module.storage",
      "mode": "managed",
      "type": "null_resource",
      "name": "pvc_after",
      "provider": "provider.null",
      "instances": [
        {
          "schema_version": 0,
          "attributes": {
            "id": "2378613975954825632",
            "triggers": null
          },
          "dependencies": [
            "module.gke_cluster.google_container_cluster.cluster",
            "module.network.google_compute_network.vpc",
            "module.network.google_compute_subnetwork.vpc_subnetwork_public",
            "module.storage.google_filestore_instance.instance",
            "module.storage.null_resource.after",
            "module.storage.null_resource.delay",
            "module.storage.null_resource.module_depends_on",
            "module.storage.null_resource.persistent_vol",
            "module.storage.null_resource.persistent_vol_claim",
            "module.storage.null_resource.persistent_vol_setup"
          ]
        }
      ]
    },
    {
      "module": "module.gke_cluster",
      "mode": "managed",
      "type": "null_resource",
      "name": "update_final_hostnames",
      "provider": "provider.null",
      "instances": [
        {
          "schema_version": 0,
          "attributes": {
            "id": "7272448525433503594",
            "triggers": null
          },
          "dependencies": [
            "module.gke_cluster.google_container_cluster.cluster",
            "module.gke_cluster.null_resource.get_creds",
            "module.gke_cluster.null_resource.get_hostnames",
            "module.gke_cluster.null_resource.update_hostnames",
            "module.gke_cluster.null_resource.update_hostnames_list",
            "module.network.google_compute_network.vpc",
            "module.network.google_compute_subnetwork.vpc_subnetwork_public"
          ]
        }
      ]
    },
    {
      "module": "module.gke_cluster",
      "mode": "managed",
      "type": "null_resource",
      "name": "update_hostnames",
      "provider": "provider.null",
      "instances": [
        {
          "schema_version": 0,
          "attributes": {
            "id": "119223766585740834",
            "triggers": null
          },
          "dependencies": [
            "module.gke_cluster.google_container_cluster.cluster",
            "module.gke_cluster.null_resource.get_creds",
            "module.gke_cluster.null_resource.get_hostnames",
            "module.gke_cluster.null_resource.update_hostnames_list",
            "module.network.google_compute_network.vpc",
            "module.network.google_compute_subnetwork.vpc_subnetwork_public"
          ]
        }
      ]
    },
    {
      "module": "module.gke_cluster",
      "mode": "managed",
      "type": "null_resource",
      "name": "update_hostnames_list",
      "provider": "provider.null",
      "instances": [
        {
          "schema_version": 0,
          "attributes": {
            "id": "6638385796856859101",
            "triggers": null
          },
          "dependencies": [
            "module.gke_cluster.google_container_cluster.cluster",
            "module.gke_cluster.null_resource.get_creds",
            "module.gke_cluster.null_resource.get_hostnames",
            "module.network.google_compute_network.vpc",
            "module.network.google_compute_subnetwork.vpc_subnetwork_public"
          ]
        }
      ]
    }
  ]
}
